version = 1
revision = 2
requires-python = ">=3.12.3"

[[package]]
name = "backend"
version = "0.1.0"
source = { virtual = "." }
dependencies = [
    { name = "oxapy" },
    { name = "python-dotenv" },
    { name = "sqlalchemy-libsql" },
]

[package.metadata]
requires-dist = [
    { name = "oxapy" },
    { name = "python-dotenv" },
    { name = "sqlalchemy-libsql" },
]

[[package]]
name = "greenlet"
version = "3.2.3"
source = { registry = "https://pypi.org/simple" }
sdist = { url = "https://files.pythonhosted.org/packages/c9/92/bb85bd6e80148a4d2e0c59f7c0c2891029f8fd510183afc7d8d2feeed9b6/greenlet-3.2.3.tar.gz", hash = "sha256:8b0dd8ae4c0d6f5e54ee55ba935eeb3d735a9b58a8a1e5b5cbab64e01a39f365", size = 185752, upload-time = "2025-06-05T16:16:09.955Z" }
wheels = [
    { url = "https://files.pythonhosted.org/packages/f3/94/ad0d435f7c48debe960c53b8f60fb41c2026b1d0fa4a99a1cb17c3461e09/greenlet-3.2.3-cp312-cp312-macosx_11_0_universal2.whl", hash = "sha256:25ad29caed5783d4bd7a85c9251c651696164622494c00802a139c00d639242d", size = 271992, upload-time = "2025-06-05T16:11:23.467Z" },
    { url = "https://files.pythonhosted.org/packages/93/5d/7c27cf4d003d6e77749d299c7c8f5fd50b4f251647b5c2e97e1f20da0ab5/greenlet-3.2.3-cp312-cp312-manylinux2014_aarch64.manylinux_2_17_aarch64.whl", hash = "sha256:88cd97bf37fe24a6710ec6a3a7799f3f81d9cd33317dcf565ff9950c83f55e0b", size = 638820, upload-time = "2025-06-05T16:38:52.882Z" },
    { url = "https://files.pythonhosted.org/packages/c6/7e/807e1e9be07a125bb4c169144937910bf59b9d2f6d931578e57f0bce0ae2/greenlet-3.2.3-cp312-cp312-manylinux2014_ppc64le.manylinux_2_17_ppc64le.whl", hash = "sha256:baeedccca94880d2f5666b4fa16fc20ef50ba1ee353ee2d7092b383a243b0b0d", size = 653046, upload-time = "2025-06-05T16:41:36.343Z" },
    { url = "https://files.pythonhosted.org/packages/9d/ab/158c1a4ea1068bdbc78dba5a3de57e4c7aeb4e7fa034320ea94c688bfb61/greenlet-3.2.3-cp312-cp312-manylinux2014_s390x.manylinux_2_17_s390x.whl", hash = "sha256:be52af4b6292baecfa0f397f3edb3c6092ce071b499dd6fe292c9ac9f2c8f264", size = 647701, upload-time = "2025-06-05T16:48:19.604Z" },
    { url = "https://files.pythonhosted.org/packages/cc/0d/93729068259b550d6a0288da4ff72b86ed05626eaf1eb7c0d3466a2571de/greenlet-3.2.3-cp312-cp312-manylinux2014_x86_64.manylinux_2_17_x86_64.whl", hash = "sha256:0cc73378150b8b78b0c9fe2ce56e166695e67478550769536a6742dca3651688", size = 649747, upload-time = "2025-06-05T16:13:04.628Z" },
    { url = "https://files.pythonhosted.org/packages/f6/f6/c82ac1851c60851302d8581680573245c8fc300253fc1ff741ae74a6c24d/greenlet-3.2.3-cp312-cp312-manylinux_2_24_x86_64.manylinux_2_28_x86_64.whl", hash = "sha256:706d016a03e78df129f68c4c9b4c4f963f7d73534e48a24f5f5a7101ed13dbbb", size = 605461, upload-time = "2025-06-05T16:12:50.792Z" },
    { url = "https://files.pythonhosted.org/packages/98/82/d022cf25ca39cf1200650fc58c52af32c90f80479c25d1cbf57980ec3065/greenlet-3.2.3-cp312-cp312-musllinux_1_1_aarch64.whl", hash = "sha256:419e60f80709510c343c57b4bb5a339d8767bf9aef9b8ce43f4f143240f88b7c", size = 1121190, upload-time = "2025-06-05T16:36:48.59Z" },
    { url = "https://files.pythonhosted.org/packages/f5/e1/25297f70717abe8104c20ecf7af0a5b82d2f5a980eb1ac79f65654799f9f/greenlet-3.2.3-cp312-cp312-musllinux_1_1_x86_64.whl", hash = "sha256:93d48533fade144203816783373f27a97e4193177ebaaf0fc396db19e5d61163", size = 1149055, upload-time = "2025-06-05T16:12:40.457Z" },
    { url = "https://files.pythonhosted.org/packages/1f/8f/8f9e56c5e82eb2c26e8cde787962e66494312dc8cb261c460e1f3a9c88bc/greenlet-3.2.3-cp312-cp312-win_amd64.whl", hash = "sha256:7454d37c740bb27bdeddfc3f358f26956a07d5220818ceb467a483197d84f849", size = 297817, upload-time = "2025-06-05T16:29:49.244Z" },
    { url = "https://files.pythonhosted.org/packages/b1/cf/f5c0b23309070ae93de75c90d29300751a5aacefc0a3ed1b1d8edb28f08b/greenlet-3.2.3-cp313-cp313-macosx_11_0_universal2.whl", hash = "sha256:500b8689aa9dd1ab26872a34084503aeddefcb438e2e7317b89b11eaea1901ad", size = 270732, upload-time = "2025-06-05T16:10:08.26Z" },
    { url = "https://files.pythonhosted.org/packages/48/ae/91a957ba60482d3fecf9be49bc3948f341d706b52ddb9d83a70d42abd498/greenlet-3.2.3-cp313-cp313-manylinux2014_aarch64.manylinux_2_17_aarch64.whl", hash = "sha256:a07d3472c2a93117af3b0136f246b2833fdc0b542d4a9799ae5f41c28323faef", size = 639033, upload-time = "2025-06-05T16:38:53.983Z" },
    { url = "https://files.pythonhosted.org/packages/6f/df/20ffa66dd5a7a7beffa6451bdb7400d66251374ab40b99981478c69a67a8/greenlet-3.2.3-cp313-cp313-manylinux2014_ppc64le.manylinux_2_17_ppc64le.whl", hash = "sha256:8704b3768d2f51150626962f4b9a9e4a17d2e37c8a8d9867bbd9fa4eb938d3b3", size = 652999, upload-time = "2025-06-05T16:41:37.89Z" },
    { url = "https://files.pythonhosted.org/packages/51/b4/ebb2c8cb41e521f1d72bf0465f2f9a2fd803f674a88db228887e6847077e/greenlet-3.2.3-cp313-cp313-manylinux2014_s390x.manylinux_2_17_s390x.whl", hash = "sha256:5035d77a27b7c62db6cf41cf786cfe2242644a7a337a0e155c80960598baab95", size = 647368, upload-time = "2025-06-05T16:48:21.467Z" },
    { url = "https://files.pythonhosted.org/packages/8e/6a/1e1b5aa10dced4ae876a322155705257748108b7fd2e4fae3f2a091fe81a/greenlet-3.2.3-cp313-cp313-manylinux2014_x86_64.manylinux_2_17_x86_64.whl", hash = "sha256:2d8aa5423cd4a396792f6d4580f88bdc6efcb9205891c9d40d20f6e670992efb", size = 650037, upload-time = "2025-06-05T16:13:06.402Z" },
    { url = "https://files.pythonhosted.org/packages/26/f2/ad51331a157c7015c675702e2d5230c243695c788f8f75feba1af32b3617/greenlet-3.2.3-cp313-cp313-manylinux_2_24_x86_64.manylinux_2_28_x86_64.whl", hash = "sha256:2c724620a101f8170065d7dded3f962a2aea7a7dae133a009cada42847e04a7b", size = 608402, upload-time = "2025-06-05T16:12:51.91Z" },
    { url = "https://files.pythonhosted.org/packages/26/bc/862bd2083e6b3aff23300900a956f4ea9a4059de337f5c8734346b9b34fc/greenlet-3.2.3-cp313-cp313-musllinux_1_1_aarch64.whl", hash = "sha256:873abe55f134c48e1f2a6f53f7d1419192a3d1a4e873bace00499a4e45ea6af0", size = 1119577, upload-time = "2025-06-05T16:36:49.787Z" },
    { url = "https://files.pythonhosted.org/packages/86/94/1fc0cc068cfde885170e01de40a619b00eaa8f2916bf3541744730ffb4c3/greenlet-3.2.3-cp313-cp313-musllinux_1_1_x86_64.whl", hash = "sha256:024571bbce5f2c1cfff08bf3fbaa43bbc7444f580ae13b0099e95d0e6e67ed36", size = 1147121, upload-time = "2025-06-05T16:12:42.527Z" },
    { url = "https://files.pythonhosted.org/packages/27/1a/199f9587e8cb08a0658f9c30f3799244307614148ffe8b1e3aa22f324dea/greenlet-3.2.3-cp313-cp313-win_amd64.whl", hash = "sha256:5195fb1e75e592dd04ce79881c8a22becdfa3e6f500e7feb059b1e6fdd54d3e3", size = 297603, upload-time = "2025-06-05T16:20:12.651Z" },
    { url = "https://files.pythonhosted.org/packages/d8/ca/accd7aa5280eb92b70ed9e8f7fd79dc50a2c21d8c73b9a0856f5b564e222/greenlet-3.2.3-cp314-cp314-macosx_11_0_universal2.whl", hash = "sha256:3d04332dddb10b4a211b68111dabaee2e1a073663d117dc10247b5b1642bac86", size = 271479, upload-time = "2025-06-05T16:10:47.525Z" },
    { url = "https://files.pythonhosted.org/packages/55/71/01ed9895d9eb49223280ecc98a557585edfa56b3d0e965b9fa9f7f06b6d9/greenlet-3.2.3-cp314-cp314-manylinux2014_aarch64.manylinux_2_17_aarch64.whl", hash = "sha256:8186162dffde068a465deab08fc72c767196895c39db26ab1c17c0b77a6d8b97", size = 683952, upload-time = "2025-06-05T16:38:55.125Z" },
    { url = "https://files.pythonhosted.org/packages/ea/61/638c4bdf460c3c678a0a1ef4c200f347dff80719597e53b5edb2fb27ab54/greenlet-3.2.3-cp314-cp314-manylinux2014_ppc64le.manylinux_2_17_ppc64le.whl", hash = "sha256:f4bfbaa6096b1b7a200024784217defedf46a07c2eee1a498e94a1b5f8ec5728", size = 696917, upload-time = "2025-06-05T16:41:38.959Z" },
    { url = "https://files.pythonhosted.org/packages/22/cc/0bd1a7eb759d1f3e3cc2d1bc0f0b487ad3cc9f34d74da4b80f226fde4ec3/greenlet-3.2.3-cp314-cp314-manylinux2014_s390x.manylinux_2_17_s390x.whl", hash = "sha256:ed6cfa9200484d234d8394c70f5492f144b20d4533f69262d530a1a082f6ee9a", size = 692443, upload-time = "2025-06-05T16:48:23.113Z" },
    { url = "https://files.pythonhosted.org/packages/67/10/b2a4b63d3f08362662e89c103f7fe28894a51ae0bc890fabf37d1d780e52/greenlet-3.2.3-cp314-cp314-manylinux2014_x86_64.manylinux_2_17_x86_64.whl", hash = "sha256:02b0df6f63cd15012bed5401b47829cfd2e97052dc89da3cfaf2c779124eb892", size = 692995, upload-time = "2025-06-05T16:13:07.972Z" },
    { url = "https://files.pythonhosted.org/packages/5a/c6/ad82f148a4e3ce9564056453a71529732baf5448ad53fc323e37efe34f66/greenlet-3.2.3-cp314-cp314-manylinux_2_24_x86_64.manylinux_2_28_x86_64.whl", hash = "sha256:86c2d68e87107c1792e2e8d5399acec2487a4e993ab76c792408e59394d52141", size = 655320, upload-time = "2025-06-05T16:12:53.453Z" },
    { url = "https://files.pythonhosted.org/packages/5c/4f/aab73ecaa6b3086a4c89863d94cf26fa84cbff63f52ce9bc4342b3087a06/greenlet-3.2.3-cp314-cp314-win_amd64.whl", hash = "sha256:8c47aae8fbbfcf82cc13327ae802ba13c9c36753b67e760023fd116bc124a62a", size = 301236, upload-time = "2025-06-05T16:15:20.111Z" },
]

[[package]]
name = "libsql-experimental"
version = "0.0.55"
source = { registry = "https://pypi.org/simple" }
sdist = { url = "https://files.pythonhosted.org/packages/53/14/d3eb81673e2096f38eb48f08e38b447f6f2fdc37a50bdb1810d4a225a7aa/libsql_experimental-0.0.55.tar.gz", hash = "sha256:34df13ad6da446e4ccede9b3803af40684da399c8f304848b54ea37e7111b249", size = 31954, upload-time = "2025-06-09T07:26:48.682Z" }
wheels = [
    { url = "https://files.pythonhosted.org/packages/25/28/72e3bea3d9f28fbabcf11648d791f1f20fe42c288f58afdfbd978bd5500e/libsql_experimental-0.0.55-cp312-cp312-macosx_10_12_x86_64.whl", hash = "sha256:cffb9cd0c4bb39b37a5060ad492516c921ecbcc17ca7baa62c791d6753aa155b", size = 4881247, upload-time = "2025-06-09T07:26:32.335Z" },
    { url = "https://files.pythonhosted.org/packages/17/ed/479f0908ccfdf1ccace798aac65480cb9514737fb37757daae0036ae6c7d/libsql_experimental-0.0.55-cp312-cp312-macosx_11_0_arm64.whl", hash = "sha256:50312e354e739676885a9ea4000365538f3cec914d6b508a2206c3d33bea93a3", size = 4656349, upload-time = "2025-06-09T07:26:34.217Z" },
    { url = "https://files.pythonhosted.org/packages/69/32/d84a47c7ab5332247be52065aaa6b22e4baae969b33af8daa99fb1a317bf/libsql_experimental-0.0.55-cp312-cp312-manylinux_2_17_x86_64.manylinux2014_x86_64.whl", hash = "sha256:60d018dbad48f98ddee49d211618ab6309d4fa2a51beb8d9076de184d1cae9da", size = 5273739, upload-time = "2025-06-09T07:26:35.913Z" },
    { url = "https://files.pythonhosted.org/packages/a0/9f/3589b9590ba948922bd200a02d754fa29e739da81a2953367e9283667a16/libsql_experimental-0.0.55-cp313-cp313-macosx_10_12_x86_64.whl", hash = "sha256:f3bfd7af2ca9d1ff8f8c7f7fce5f1a650bfe53c23b45658253480fe287283bae", size = 4881245, upload-time = "2025-06-09T07:26:37.382Z" },
    { url = "https://files.pythonhosted.org/packages/37/cf/4aead944cb90f82ab1b61edc78dbe893420e8c4ceee19e1fdae775b1273d/libsql_experimental-0.0.55-cp313-cp313-macosx_11_0_arm64.whl", hash = "sha256:b3476a78edb8f59aa6c571d6def1840fff8d263eb4bbc4b26b2afd7400cb9ba2", size = 4656348, upload-time = "2025-06-09T07:26:39.04Z" },
    { url = "https://files.pythonhosted.org/packages/70/73/134dc2db0c3805f62953c85778bf93ac2f4a5ad81d49e592be990b012711/libsql_experimental-0.0.55-cp313-cp313-manylinux_2_17_x86_64.manylinux2014_x86_64.whl", hash = "sha256:7a5dd325f87425546e0a7f0d460d4b6e1852bc4d4194a7b5ad127614ef8b3b10", size = 5273740, upload-time = "2025-06-09T07:26:40.597Z" },
]

[[package]]
name = "orjson"
version = "3.11.0"
source = { registry = "https://pypi.org/simple" }
sdist = { url = "https://files.pythonhosted.org/packages/29/87/03ababa86d984952304ac8ce9fbd3a317afb4a225b9a81f9b606ac60c873/orjson-3.11.0.tar.gz", hash = "sha256:2e4c129da624f291bcc607016a99e7f04a353f6874f3bd8d9b47b88597d5f700", size = 5318246, upload-time = "2025-07-15T16:08:29.194Z" }
wheels = [
    { url = "https://files.pythonhosted.org/packages/92/c9/241e304fb1e58ea70b720f1a9e5349c6bb7735ffac401ef1b94f422edd6d/orjson-3.11.0-cp312-cp312-macosx_10_15_x86_64.macosx_11_0_arm64.macosx_10_15_universal2.whl", hash = "sha256:b4089f940c638bb1947d54e46c1cd58f4259072fcc97bc833ea9c78903150ac9", size = 240269, upload-time = "2025-07-15T16:07:08.173Z" },
    { url = "https://files.pythonhosted.org/packages/26/7c/289457cdf40be992b43f1d90ae213ebc03a31a8e2850271ecd79e79a3135/orjson-3.11.0-cp312-cp312-macosx_15_0_arm64.whl", hash = "sha256:8335a0ba1c26359fb5c82d643b4c1abbee2bc62875e0f2b5bde6c8e9e25eb68c", size = 129276, upload-time = "2025-07-15T16:07:10.128Z" },
    { url = "https://files.pythonhosted.org/packages/66/de/5c0528d46ded965939b6b7f75b1fe93af42b9906b0039096fc92c9001c12/orjson-3.11.0-cp312-cp312-manylinux_2_17_aarch64.manylinux2014_aarch64.whl", hash = "sha256:63c1c9772dafc811d16d6a7efa3369a739da15d1720d6e58ebe7562f54d6f4a2", size = 131966, upload-time = "2025-07-15T16:07:11.509Z" },
    { url = "https://files.pythonhosted.org/packages/ad/74/39822f267b5935fb6fc961ccc443f4968a74d34fc9270b83caa44e37d907/orjson-3.11.0-cp312-cp312-manylinux_2_17_armv7l.manylinux2014_armv7l.whl", hash = "sha256:9457ccbd8b241fb4ba516417a4c5b95ba0059df4ac801309bcb4ec3870f45ad9", size = 127028, upload-time = "2025-07-15T16:07:13.023Z" },
    { url = "https://files.pythonhosted.org/packages/7c/e3/28f6ed7f03db69bddb3ef48621b2b05b394125188f5909ee0a43fcf4820e/orjson-3.11.0-cp312-cp312-manylinux_2_17_i686.manylinux2014_i686.whl", hash = "sha256:0846e13abe79daece94a00b92574f294acad1d362be766c04245b9b4dd0e47e1", size = 129105, upload-time = "2025-07-15T16:07:14.367Z" },
    { url = "https://files.pythonhosted.org/packages/cb/50/8867fd2fc92c0ab1c3e14673ec5d9d0191202e4ab8ba6256d7a1d6943ad3/orjson-3.11.0-cp312-cp312-manylinux_2_17_ppc64le.manylinux2014_ppc64le.whl", hash = "sha256:5587c85ae02f608a3f377b6af9eb04829606f518257cbffa8f5081c1aacf2e2f", size = 131902, upload-time = "2025-07-15T16:07:16.176Z" },
    { url = "https://files.pythonhosted.org/packages/13/65/c189deea10342afee08006331082ff67d11b98c2394989998b3ea060354a/orjson-3.11.0-cp312-cp312-manylinux_2_17_s390x.manylinux2014_s390x.whl", hash = "sha256:c7a1964a71c1567b4570c932a0084ac24ad52c8cf6253d1881400936565ed438", size = 134042, upload-time = "2025-07-15T16:07:17.937Z" },
    { url = "https://files.pythonhosted.org/packages/2b/e4/cf23c3f4231d2a9a043940ab045f799f84a6df1b4fb6c9b4412cdc3ebf8c/orjson-3.11.0-cp312-cp312-manylinux_2_17_x86_64.manylinux2014_x86_64.whl", hash = "sha256:b5a8243e73690cc6e9151c9e1dd046a8f21778d775f7d478fa1eb4daa4897c61", size = 128260, upload-time = "2025-07-15T16:07:19.651Z" },
    { url = "https://files.pythonhosted.org/packages/de/b9/2cb94d3a67edb918d19bad4a831af99cd96c3657a23daa239611bcf335d7/orjson-3.11.0-cp312-cp312-musllinux_1_2_aarch64.whl", hash = "sha256:51646f6d995df37b6e1b628f092f41c0feccf1d47e3452c6e95e2474b547d842", size = 130282, upload-time = "2025-07-15T16:07:21.022Z" },
    { url = "https://files.pythonhosted.org/packages/0b/96/df963cc973e689d4c56398647917b4ee95f47e5b6d2779338c09c015b23b/orjson-3.11.0-cp312-cp312-musllinux_1_2_armv7l.whl", hash = "sha256:2fb8ca8f0b4e31b8aaec674c7540649b64ef02809410506a44dc68d31bd5647b", size = 403765, upload-time = "2025-07-15T16:07:25.469Z" },
    { url = "https://files.pythonhosted.org/packages/fb/92/71429ee1badb69f53281602dbb270fa84fc2e51c83193a814d0208bb63b0/orjson-3.11.0-cp312-cp312-musllinux_1_2_i686.whl", hash = "sha256:64a6a3e94a44856c3f6557e6aa56a6686544fed9816ae0afa8df9077f5759791", size = 144779, upload-time = "2025-07-15T16:07:27.339Z" },
    { url = "https://files.pythonhosted.org/packages/c8/ab/3678b2e5ff0c622a974cb8664ed7cdda5ed26ae2b9d71ba66ec36f32d6cf/orjson-3.11.0-cp312-cp312-musllinux_1_2_x86_64.whl", hash = "sha256:d69f95d484938d8fab5963e09131bcf9fbbb81fa4ec132e316eb2fb9adb8ce78", size = 132797, upload-time = "2025-07-15T16:07:28.717Z" },
    { url = "https://files.pythonhosted.org/packages/9d/8c/74509f715ff189d2aca90ebb0bd5af6658e0f9aa2512abbe6feca4c78208/orjson-3.11.0-cp312-cp312-win32.whl", hash = "sha256:8514f9f9c667ce7d7ef709ab1a73e7fcab78c297270e90b1963df7126d2b0e23", size = 134695, upload-time = "2025-07-15T16:07:30.034Z" },
    { url = "https://files.pythonhosted.org/packages/82/ba/ef25e3e223f452a01eac6a5b38d05c152d037508dcbf87ad2858cbb7d82e/orjson-3.11.0-cp312-cp312-win_amd64.whl", hash = "sha256:41b38a894520b8cb5344a35ffafdf6ae8042f56d16771b2c5eb107798cee85ee", size = 129446, upload-time = "2025-07-15T16:07:31.412Z" },
    { url = "https://files.pythonhosted.org/packages/e3/cd/6f4d93867c5d81bb4ab2d4ac870d3d6e9ba34fa580a03b8d04bf1ce1d8ad/orjson-3.11.0-cp312-cp312-win_arm64.whl", hash = "sha256:5579acd235dd134467340b2f8a670c1c36023b5a69c6a3174c4792af7502bd92", size = 126400, upload-time = "2025-07-15T16:07:34.143Z" },
    { url = "https://files.pythonhosted.org/packages/31/63/82d9b6b48624009d230bc6038e54778af8f84dfd54402f9504f477c5cfd5/orjson-3.11.0-cp313-cp313-macosx_10_15_x86_64.macosx_11_0_arm64.macosx_10_15_universal2.whl", hash = "sha256:4a8ba9698655e16746fdf5266939427da0f9553305152aeb1a1cc14974a19cfb", size = 240125, upload-time = "2025-07-15T16:07:35.976Z" },
    { url = "https://files.pythonhosted.org/packages/16/3a/d557ed87c63237d4c97a7bac7ac054c347ab8c4b6da09748d162ca287175/orjson-3.11.0-cp313-cp313-macosx_15_0_arm64.whl", hash = "sha256:67133847f9a35a5ef5acfa3325d4a2f7fe05c11f1505c4117bb086fc06f2a58f", size = 129189, upload-time = "2025-07-15T16:07:37.486Z" },
    { url = "https://files.pythonhosted.org/packages/69/5e/b2c9e22e2cd10aa7d76a629cee65d661e06a61fbaf4dc226386f5636dd44/orjson-3.11.0-cp313-cp313-manylinux_2_17_aarch64.manylinux2014_aarch64.whl", hash = "sha256:5f797d57814975b78f5f5423acb003db6f9be5186b72d48bd97a1000e89d331d", size = 131953, upload-time = "2025-07-15T16:07:39.254Z" },
    { url = "https://files.pythonhosted.org/packages/e2/60/760fcd9b50eb44d1206f2b30c8d310b79714553b9d94a02f9ea3252ebe63/orjson-3.11.0-cp313-cp313-manylinux_2_17_armv7l.manylinux2014_armv7l.whl", hash = "sha256:28acd19822987c5163b9e03a6e60853a52acfee384af2b394d11cb413b889246", size = 126922, upload-time = "2025-07-15T16:07:41.282Z" },
    { url = "https://files.pythonhosted.org/packages/6a/7a/8c46daa867ccc92da6de9567608be62052774b924a77c78382e30d50b579/orjson-3.11.0-cp313-cp313-manylinux_2_17_i686.manylinux2014_i686.whl", hash = "sha256:e8d38d9e1e2cf9729658e35956cf01e13e89148beb4cb9e794c9c10c5cb252f8", size = 128787, upload-time = "2025-07-15T16:07:42.681Z" },
    { url = "https://files.pythonhosted.org/packages/f2/14/a2f1b123d85f11a19e8749f7d3f9ed6c9b331c61f7b47cfd3e9a1fedb9bc/orjson-3.11.0-cp313-cp313-manylinux_2_17_ppc64le.manylinux2014_ppc64le.whl", hash = "sha256:05f094edd2b782650b0761fd78858d9254de1c1286f5af43145b3d08cdacfd51", size = 131895, upload-time = "2025-07-15T16:07:44.519Z" },
    { url = "https://files.pythonhosted.org/packages/c8/10/362e8192df7528e8086ea712c5cb01355c8d4e52c59a804417ba01e2eb2d/orjson-3.11.0-cp313-cp313-manylinux_2_17_s390x.manylinux2014_s390x.whl", hash = "sha256:6d09176a4a9e04a5394a4a0edd758f645d53d903b306d02f2691b97d5c736a9e", size = 133868, upload-time = "2025-07-15T16:07:46.227Z" },
    { url = "https://files.pythonhosted.org/packages/f8/4e/ef43582ef3e3dfd2a39bc3106fa543364fde1ba58489841120219da6e22f/orjson-3.11.0-cp313-cp313-manylinux_2_17_x86_64.manylinux2014_x86_64.whl", hash = "sha256:2a585042104e90a61eda2564d11317b6a304eb4e71cd33e839f5af6be56c34d3", size = 128234, upload-time = "2025-07-15T16:07:48.123Z" },
    { url = "https://files.pythonhosted.org/packages/d7/fa/02dabb2f1d605bee8c4bb1160cfc7467976b1ed359a62cc92e0681b53c45/orjson-3.11.0-cp313-cp313-musllinux_1_2_aarch64.whl", hash = "sha256:d2218629dbfdeeb5c9e0573d59f809d42f9d49ae6464d2f479e667aee14c3ef4", size = 130232, upload-time = "2025-07-15T16:07:50.197Z" },
    { url = "https://files.pythonhosted.org/packages/16/76/951b5619605c8d2ede80cc989f32a66abc954530d86e84030db2250c63a1/orjson-3.11.0-cp313-cp313-musllinux_1_2_armv7l.whl", hash = "sha256:613e54a2b10b51b656305c11235a9c4a5c5491ef5c283f86483d4e9e123ed5e4", size = 403648, upload-time = "2025-07-15T16:07:52.136Z" },
    { url = "https://files.pythonhosted.org/packages/96/e2/5fa53bb411455a63b3713db90b588e6ca5ed2db59ad49b3fb8a0e94e0dda/orjson-3.11.0-cp313-cp313-musllinux_1_2_i686.whl", hash = "sha256:9dac7fbf3b8b05965986c5cfae051eb9a30fced7f15f1d13a5adc608436eb486", size = 144572, upload-time = "2025-07-15T16:07:54.004Z" },
    { url = "https://files.pythonhosted.org/packages/ad/d0/7d6f91e1e0f034258c3a3358f20b0c9490070e8a7ab8880085547274c7f9/orjson-3.11.0-cp313-cp313-musllinux_1_2_x86_64.whl", hash = "sha256:93b64b254414e2be55ac5257124b5602c5f0b4d06b80bd27d1165efe8f36e836", size = 132766, upload-time = "2025-07-15T16:07:55.936Z" },
    { url = "https://files.pythonhosted.org/packages/ff/f8/4d46481f1b3fb40dc826d62179f96c808eb470cdcc74b6593fb114d74af3/orjson-3.11.0-cp313-cp313-win32.whl", hash = "sha256:359cbe11bc940c64cb3848cf22000d2aef36aff7bfd09ca2c0b9cb309c387132", size = 134638, upload-time = "2025-07-15T16:07:57.343Z" },
    { url = "https://files.pythonhosted.org/packages/85/3f/544938dcfb7337d85ee1e43d7685cf8f3bfd452e0b15a32fe70cb4ca5094/orjson-3.11.0-cp313-cp313-win_amd64.whl", hash = "sha256:0759b36428067dc777b202dd286fbdd33d7f261c6455c4238ea4e8474358b1e6", size = 129411, upload-time = "2025-07-15T16:07:58.852Z" },
    { url = "https://files.pythonhosted.org/packages/43/0c/f75015669d7817d222df1bb207f402277b77d22c4833950c8c8c7cf2d325/orjson-3.11.0-cp313-cp313-win_arm64.whl", hash = "sha256:51cdca2f36e923126d0734efaf72ddbb5d6da01dbd20eab898bdc50de80d7b5a", size = 126349, upload-time = "2025-07-15T16:08:00.322Z" },
]

[[package]]
name = "oxapy"
version = "0.6.0"
source = { registry = "https://pypi.org/simple" }
dependencies = [
    { name = "orjson" },
]
sdist = { url = "https://files.pythonhosted.org/packages/ad/d6/6814574c60d809c6abe3a5b0d8d0e6195d9d2634c61178fd19b1e508971f/oxapy-0.6.0.tar.gz", hash = "sha256:84d0413f7c26db8fc897ce559bb3bc79da90ecd7bffda73cdf3d5163fc664483", size = 56233, upload-time = "2025-07-15T08:18:49.044Z" }
wheels = [
    { url = "https://files.pythonhosted.org/packages/a5/44/7d985a33b214c89a84701ea5643467925edd9638cad080f70f02cc4dc11b/oxapy-0.6.0-cp312-cp312-macosx_10_12_x86_64.whl", hash = "sha256:c98458d4920e636e421cca43a1c4ea1dd7f38663cd1a1d18377b390556f4c35b", size = 5328094, upload-time = "2025-07-15T08:17:17.668Z" },
    { url = "https://files.pythonhosted.org/packages/eb/1c/582ff19963847111d3361cd9252f6933b0560f090b976b3585509ee57b6d/oxapy-0.6.0-cp312-cp312-macosx_11_0_arm64.whl", hash = "sha256:35260ca0065e87dcb9789a463e53e8f709d8c3f86b8c4977db017159bf082a4c", size = 4731402, upload-time = "2025-07-15T08:17:11.382Z" },
    { url = "https://files.pythonhosted.org/packages/56/9a/dfe6983f9fe8e6adcb5d982ff2cc501d9f931cd7885754e209207d782561/oxapy-0.6.0-cp312-cp312-manylinux_2_17_aarch64.manylinux2014_aarch64.whl", hash = "sha256:5befb2d29f9fd9fea13ca4f99562cb31b4c0841387ff756fd64542f6206cfab4", size = 5248881, upload-time = "2025-07-15T08:15:05.379Z" },
    { url = "https://files.pythonhosted.org/packages/46/89/5b49f97aa0e4651ab510fbba49ff5ad6bb1f6b98dc8b9a7c3b7b3772cf98/oxapy-0.6.0-cp312-cp312-manylinux_2_17_armv7l.manylinux2014_armv7l.whl", hash = "sha256:61534f0d8f0e7759adce85a62bcbcadcdb35f52f59b3301efb16034e2d54407f", size = 5423944, upload-time = "2025-07-15T08:15:27.249Z" },
    { url = "https://files.pythonhosted.org/packages/9f/c2/500a3f52c94f437c4a38ee913673c6ac5921bc44093fea05fff45e432890/oxapy-0.6.0-cp312-cp312-manylinux_2_17_i686.manylinux2014_i686.whl", hash = "sha256:16242913df7f160f594a124048891ea7345ebdda6674a4cf7fffff004ea0f4f0", size = 5902552, upload-time = "2025-07-15T08:16:35.109Z" },
    { url = "https://files.pythonhosted.org/packages/e0/01/341bc20fe792cb2c3dbf7a2bdb256fa67a91a9e90cf8d23fc3d2d02ee3a5/oxapy-0.6.0-cp312-cp312-manylinux_2_17_ppc64le.manylinux2014_ppc64le.whl", hash = "sha256:78f081578d008a268bd7e8f397edbddc8f3b36e75d978227dc425231a68cb1e7", size = 6352831, upload-time = "2025-07-15T08:15:49.617Z" },
    { url = "https://files.pythonhosted.org/packages/c6/a8/fcd725ca78032121193aeade0823dae7139a859f046ba7b926d37cb6d012/oxapy-0.6.0-cp312-cp312-manylinux_2_17_s390x.manylinux2014_s390x.whl", hash = "sha256:23755fc8aa8035595e185faa24f58fcd69f48e7b144f1836ecb73c8a147b162b", size = 5740407, upload-time = "2025-07-15T08:16:14.404Z" },
    { url = "https://files.pythonhosted.org/packages/b1/c1/77d3834a44b0ab2e2dd994a1e5a29a56867be108b40f232f8bd2499e684e/oxapy-0.6.0-cp312-cp312-manylinux_2_17_x86_64.manylinux2014_x86_64.whl", hash = "sha256:b68cd618e7d2e627fde76869e744e0ed661e31b14f0cd75b991e5704ad548ceb", size = 5800704, upload-time = "2025-07-15T08:16:54.839Z" },
    { url = "https://files.pythonhosted.org/packages/60/b9/619d5c035e36a8e2b77f3ba690bbf1eb3011f681f12fbe20727505922eca/oxapy-0.6.0-cp312-cp312-musllinux_1_2_aarch64.whl", hash = "sha256:959e1eab98764a5634805aca4717b0f0597ed95fd703b9d06651ebbdd6b5c497", size = 5392183, upload-time = "2025-07-15T08:17:26.703Z" },
    { url = "https://files.pythonhosted.org/packages/24/5a/f70863db44549ba47c8495b4ab223d661e8e9b68a325516b2567b252ee15/oxapy-0.6.0-cp312-cp312-musllinux_1_2_armv7l.whl", hash = "sha256:0944d36670f6fc248aefff7fbccb0d342c77abc51952ddcaa57c03636e0c4d71", size = 5652299, upload-time = "2025-07-15T08:17:48.438Z" },
    { url = "https://files.pythonhosted.org/packages/36/b3/05ce3d85804d346cc8a0f8da1c22abd881423306c3202203803717306a42/oxapy-0.6.0-cp312-cp312-musllinux_1_2_i686.whl", hash = "sha256:fbf4786554fd461ab1f6ecf13c406ee5c14fc977f98cd7558794899ff90e16eb", size = 5793911, upload-time = "2025-07-15T08:18:11.009Z" },
    { url = "https://files.pythonhosted.org/packages/fe/a5/14fa5d115bc8dbf4953323326b193cdb388e0bed38ee542493141b879332/oxapy-0.6.0-cp312-cp312-musllinux_1_2_x86_64.whl", hash = "sha256:4713429799772970cfcf8d7a9ddd8da949e8e87a3cd73b47af0570ae720d2095", size = 5970205, upload-time = "2025-07-15T08:18:32.561Z" },
    { url = "https://files.pythonhosted.org/packages/2f/26/20201a8aa0b601b9a4e8247c3815db21bc0db1e365f08f2b3cfa26228b5f/oxapy-0.6.0-cp312-cp312-win32.whl", hash = "sha256:8bc4e11e768f8afdee6735e719129aefa0ed6eb72b1d675779cd7126d1314812", size = 4288509, upload-time = "2025-07-15T08:19:06.651Z" },
    { url = "https://files.pythonhosted.org/packages/9e/34/d8caabf9c3ef171cec8f5ddb22d05aef606b8341f98a989aed0a7d556234/oxapy-0.6.0-cp312-cp312-win_amd64.whl", hash = "sha256:1f0ebb3ae098ea5e2e74a70a65220d4ffa390e6ea85fff0e84ec3bc374ae56f7", size = 4770591, upload-time = "2025-07-15T08:18:55.555Z" },
    { url = "https://files.pythonhosted.org/packages/13/ce/8d414cd97fcd748255e698dda3687c0e1ff317e22f7cbc92cb1ff7eb320b/oxapy-0.6.0-cp313-cp313-macosx_10_12_x86_64.whl", hash = "sha256:d5599a8d281e24f62598bdc7b84f6f42da4a835ef4ddbc2b18591a0d1a3018b6", size = 5327449, upload-time = "2025-07-15T08:17:19.75Z" },
    { url = "https://files.pythonhosted.org/packages/1a/02/bad6751b50a95ee8d7627478aefc30a1e8fad35187ab82c5a833d96d92c0/oxapy-0.6.0-cp313-cp313-macosx_11_0_arm64.whl", hash = "sha256:4776524d76fad6ccbd625a2d7cecd118782dbe962599fcff88c0459bd83fe564", size = 4731089, upload-time = "2025-07-15T08:17:13.347Z" },
    { url = "https://files.pythonhosted.org/packages/1b/83/be792050377f625e387d49910f479e3688f50f7b2ebaa844c7a8775c61ff/oxapy-0.6.0-cp313-cp313-manylinux_2_17_aarch64.manylinux2014_aarch64.whl", hash = "sha256:5e3bcf41feb30635deec5d5608587a4cb1b77a3204097b97b95bb2bde37ea054", size = 5248614, upload-time = "2025-07-15T08:15:07.624Z" },
    { url = "https://files.pythonhosted.org/packages/fb/1e/f1e826d3e8ee065b76610c4934628a3c72890aa146bed4537071187956c7/oxapy-0.6.0-cp313-cp313-manylinux_2_17_armv7l.manylinux2014_armv7l.whl", hash = "sha256:920149ccdf17671f4b5542c2ca9aba9e1372e28c583d8c2e641dbcc5f2efec47", size = 5424636, upload-time = "2025-07-15T08:15:29.442Z" },
    { url = "https://files.pythonhosted.org/packages/79/67/c155c038b08f1baab809e1bcef475d1f0765757e2499e3ac74e75fc2c46c/oxapy-0.6.0-cp313-cp313-manylinux_2_17_i686.manylinux2014_i686.whl", hash = "sha256:edf4c34bec164991830dd983ec4366cececac318d366c41e318cf652dac736c5", size = 5901737, upload-time = "2025-07-15T08:16:37.238Z" },
    { url = "https://files.pythonhosted.org/packages/d6/02/d2b6ace078c3368ceea4f27bd803d98f90c34df337b3706f71c24824d5c6/oxapy-0.6.0-cp313-cp313-manylinux_2_17_ppc64le.manylinux2014_ppc64le.whl", hash = "sha256:a085be7be4d94380f3fdf187b24366bf323474c4a3bbc6479b59c2bc23539f0d", size = 6352438, upload-time = "2025-07-15T08:15:52.017Z" },
    { url = "https://files.pythonhosted.org/packages/c4/fb/3461d802ee8c467d4cb80e449cda6cb4327ebd0984d5a74ed07694bcbac3/oxapy-0.6.0-cp313-cp313-manylinux_2_17_s390x.manylinux2014_s390x.whl", hash = "sha256:f5a25e3e2ad949d02f27efadb1a980616b1393e036e19631a89f7d0b4e25f2a1", size = 5754859, upload-time = "2025-07-15T08:16:16.374Z" },
    { url = "https://files.pythonhosted.org/packages/de/cd/35be646eeb4b4777ddaf3be4d525b46ab49f6386e4369acbd8986208c769/oxapy-0.6.0-cp313-cp313-manylinux_2_17_x86_64.manylinux2014_x86_64.whl", hash = "sha256:512d2a0b505c22fd59684154e0e6d1d9745830fa7d714ba051254241b828418a", size = 5799569, upload-time = "2025-07-15T08:16:56.866Z" },
    { url = "https://files.pythonhosted.org/packages/1d/20/af760ef6d332e25863de4b2dbeabdaa4d3e58a1fa965d33d8269b27b0ee2/oxapy-0.6.0-cp313-cp313-musllinux_1_2_aarch64.whl", hash = "sha256:33ae7ec8b0b7371a087b3a859887b89cc052c1b0597c41eb85008d5c605e5834", size = 5391837, upload-time = "2025-07-15T08:17:28.686Z" },
    { url = "https://files.pythonhosted.org/packages/d1/57/f4cde15c504e957f48aeb70f73776d2eb26059dc5ad57d52d6b8d508cbc6/oxapy-0.6.0-cp313-cp313-musllinux_1_2_armv7l.whl", hash = "sha256:8c1701aada5bcd4f5ebc5b732a2eaae799dc38b5410b16493a0beb3c9241f599", size = 5651873, upload-time = "2025-07-15T08:17:51.25Z" },
    { url = "https://files.pythonhosted.org/packages/7a/21/7f97c943432ab93c6033321ec8e97f8cb9379e6d44456a13e6c83d110ee8/oxapy-0.6.0-cp313-cp313-musllinux_1_2_i686.whl", hash = "sha256:09ba7a17388e6e8089bfa25d9d55a4d8ad900a2b1c9e9e09dbc4174b1c1bcc05", size = 5793750, upload-time = "2025-07-15T08:18:13.465Z" },
    { url = "https://files.pythonhosted.org/packages/e1/fc/48657eab0f308a1948843a59c37c1990e417acd06c83c189047375324fad/oxapy-0.6.0-cp313-cp313-musllinux_1_2_x86_64.whl", hash = "sha256:dcecfd58475c0006e1aabc759b742897b3738f82f94d2b5af43c8aa4f677a863", size = 5969048, upload-time = "2025-07-15T08:18:34.725Z" },
    { url = "https://files.pythonhosted.org/packages/f6/0b/cae7279d9a853f368d696849415711595c317b1e298eb72904686103d6b2/oxapy-0.6.0-cp313-cp313-win32.whl", hash = "sha256:5004a697c54708e328c56d1ed277ccf816119c285547c2200065bacf20bf6ffc", size = 4288089, upload-time = "2025-07-15T08:19:08.554Z" },
    { url = "https://files.pythonhosted.org/packages/84/1e/33b7401ceed0e4f5506d8b6282d0382f85e3b181c277b6b1bff5d87aa3ff/oxapy-0.6.0-cp313-cp313-win_amd64.whl", hash = "sha256:9922d5ae59ff514da28eb5cb2e5537f871f97d15b020a07f607af3cad378cf46", size = 4769578, upload-time = "2025-07-15T08:18:57.57Z" },
    { url = "https://files.pythonhosted.org/packages/33/16/99ed0d7e30a20d26cd6b25feacae42366bafb628feed54b0be7cb5c0007f/oxapy-0.6.0-cp313-cp313t-manylinux_2_17_aarch64.manylinux2014_aarch64.whl", hash = "sha256:b92dd0c6f0c488fbf2280893614532490d85a010f475a390ad40ae58be87c65d", size = 5242284, upload-time = "2025-07-15T08:15:09.918Z" },
    { url = "https://files.pythonhosted.org/packages/6d/95/b803553143eff71199cf21a91d9d948160166012e43942548c98b6d46b13/oxapy-0.6.0-cp313-cp313t-manylinux_2_17_armv7l.manylinux2014_armv7l.whl", hash = "sha256:d72ed3f9748f829fb75c523e020e8a94e4a1d0189bca094a7fd43dd6fffd3005", size = 5414966, upload-time = "2025-07-15T08:15:31.705Z" },
    { url = "https://files.pythonhosted.org/packages/80/de/826cb9f487a285e9f040ece94a65ec2be7e16a657cf7f6ab57fe7fbce7f3/oxapy-0.6.0-cp313-cp313t-manylinux_2_17_ppc64le.manylinux2014_ppc64le.whl", hash = "sha256:b9cd3d02a60dc804cbf31c01ddea70172c05de534c7c8d4c726cc7653fda8408", size = 6354450, upload-time = "2025-07-15T08:15:54.025Z" },
    { url = "https://files.pythonhosted.org/packages/b0/c0/8298ad95543df634accd689dff091f02838540fe08d2d2c36b1560b227d2/oxapy-0.6.0-cp313-cp313t-manylinux_2_17_s390x.manylinux2014_s390x.whl", hash = "sha256:c1b44641c2fea34b49998e8885dcafa407765abe4ee0dbcc28e9b1c39662c5a3", size = 5752950, upload-time = "2025-07-15T08:16:18.448Z" },
    { url = "https://files.pythonhosted.org/packages/c8/d1/17007a6cfd3dc2379498fb1b1e13c1ec61d43ecad6fce9658f9ca8b1a692/oxapy-0.6.0-cp313-cp313t-musllinux_1_2_aarch64.whl", hash = "sha256:c59f23531e1683f168d0941e33bc6724c3a614eea93e418ee87fed9a8092cbeb", size = 5385891, upload-time = "2025-07-15T08:17:30.587Z" },
    { url = "https://files.pythonhosted.org/packages/bf/3f/ceeb7df6e664f859c43222300b0faf683b9448c883c4205a19f9077361cc/oxapy-0.6.0-cp313-cp313t-musllinux_1_2_armv7l.whl", hash = "sha256:82bbe2316fa6c15039da734b3bb1bc3c205db4bd1855c75143bf1ba425e1627e", size = 5641476, upload-time = "2025-07-15T08:17:53.221Z" },
    { url = "https://files.pythonhosted.org/packages/7f/ec/48055be3a001ef639b734f199b046d3d08269109fa5400e0e43eae57e92d/oxapy-0.6.0-cp313-cp313t-musllinux_1_2_i686.whl", hash = "sha256:52c26c0eb1505bc558f3aee0a42e837fc66b771a002e018b470b36fa902ab513", size = 5785538, upload-time = "2025-07-15T08:18:15.506Z" },
    { url = "https://files.pythonhosted.org/packages/8e/98/1fbfa4a0390735798861d55728e1bf87fac59bde2935c800399961f6c2db/oxapy-0.6.0-cp313-cp313t-musllinux_1_2_x86_64.whl", hash = "sha256:202508184978834447e0c5d47aff819007bf93931b2a0150307c37fb0eac7bd3", size = 5968811, upload-time = "2025-07-15T08:18:36.732Z" },
    { url = "https://files.pythonhosted.org/packages/c7/bd/4c669cab610dec7778bc144b11fc688992c8c0ebb06f1d63ca200aaa3513/oxapy-0.6.0-cp314-cp314-manylinux_2_17_i686.manylinux2014_i686.whl", hash = "sha256:06e755bfc438c30279d01db06a9b7eced806361429f36c02093a3352b4e09fb6", size = 5901779, upload-time = "2025-07-15T08:16:39.221Z" },
    { url = "https://files.pythonhosted.org/packages/35/40/bc8d6137d1b9cf28fddb626b16ef04b6efb3cb09c6c2f3ba84bf5d066087/oxapy-0.6.0-cp314-cp314-manylinux_2_17_x86_64.manylinux2014_x86_64.whl", hash = "sha256:45ae6faa3af81a770eb07348e0f8396ecb7ce62ed6274ec2824858731d22f757", size = 5796081, upload-time = "2025-07-15T08:16:59.028Z" },
]

[[package]]
name = "python-dotenv"
version = "1.1.1"
source = { registry = "https://pypi.org/simple" }
sdist = { url = "https://files.pythonhosted.org/packages/f6/b0/4bc07ccd3572a2f9df7e6782f52b0c6c90dcbb803ac4a167702d7d0dfe1e/python_dotenv-1.1.1.tar.gz", hash = "sha256:a8a6399716257f45be6a007360200409fce5cda2661e3dec71d23dc15f6189ab", size = 41978, upload-time = "2025-06-24T04:21:07.341Z" }
wheels = [
    { url = "https://files.pythonhosted.org/packages/5f/ed/539768cf28c661b5b068d66d96a2f155c4971a5d55684a514c1a0e0dec2f/python_dotenv-1.1.1-py3-none-any.whl", hash = "sha256:31f23644fe2602f88ff55e1f5c79ba497e01224ee7737937930c448e4d0e24dc", size = 20556, upload-time = "2025-06-24T04:21:06.073Z" },
]

[[package]]
name = "sqlalchemy"
version = "2.0.41"
source = { registry = "https://pypi.org/simple" }
dependencies = [
    { name = "greenlet", marker = "(python_full_version < '3.14' and platform_machine == 'AMD64') or (python_full_version < '3.14' and platform_machine == 'WIN32') or (python_full_version < '3.14' and platform_machine == 'aarch64') or (python_full_version < '3.14' and platform_machine == 'amd64') or (python_full_version < '3.14' and platform_machine == 'ppc64le') or (python_full_version < '3.14' and platform_machine == 'win32') or (python_full_version < '3.14' and platform_machine == 'x86_64')" },
    { name = "typing-extensions" },
]
sdist = { url = "https://files.pythonhosted.org/packages/63/66/45b165c595ec89aa7dcc2c1cd222ab269bc753f1fc7a1e68f8481bd957bf/sqlalchemy-2.0.41.tar.gz", hash = "sha256:edba70118c4be3c2b1f90754d308d0b79c6fe2c0fdc52d8ddf603916f83f4db9", size = 9689424, upload-time = "2025-05-14T17:10:32.339Z" }
wheels = [
    { url = "https://files.pythonhosted.org/packages/3e/2a/f1f4e068b371154740dd10fb81afb5240d5af4aa0087b88d8b308b5429c2/sqlalchemy-2.0.41-cp312-cp312-macosx_10_13_x86_64.whl", hash = "sha256:81f413674d85cfd0dfcd6512e10e0f33c19c21860342a4890c3a2b59479929f9", size = 2119645, upload-time = "2025-05-14T17:55:24.854Z" },
    { url = "https://files.pythonhosted.org/packages/9b/e8/c664a7e73d36fbfc4730f8cf2bf930444ea87270f2825efbe17bf808b998/sqlalchemy-2.0.41-cp312-cp312-macosx_11_0_arm64.whl", hash = "sha256:598d9ebc1e796431bbd068e41e4de4dc34312b7aa3292571bb3674a0cb415dd1", size = 2107399, upload-time = "2025-05-14T17:55:28.097Z" },
    { url = "https://files.pythonhosted.org/packages/5c/78/8a9cf6c5e7135540cb682128d091d6afa1b9e48bd049b0d691bf54114f70/sqlalchemy-2.0.41-cp312-cp312-manylinux_2_17_aarch64.manylinux2014_aarch64.whl", hash = "sha256:a104c5694dfd2d864a6f91b0956eb5d5883234119cb40010115fd45a16da5e70", size = 3293269, upload-time = "2025-05-14T17:50:38.227Z" },
    { url = "https://files.pythonhosted.org/packages/3c/35/f74add3978c20de6323fb11cb5162702670cc7a9420033befb43d8d5b7a4/sqlalchemy-2.0.41-cp312-cp312-manylinux_2_17_x86_64.manylinux2014_x86_64.whl", hash = "sha256:6145afea51ff0af7f2564a05fa95eb46f542919e6523729663a5d285ecb3cf5e", size = 3303364, upload-time = "2025-05-14T17:51:49.829Z" },
    { url = "https://files.pythonhosted.org/packages/6a/d4/c990f37f52c3f7748ebe98883e2a0f7d038108c2c5a82468d1ff3eec50b7/sqlalchemy-2.0.41-cp312-cp312-musllinux_1_2_aarch64.whl", hash = "sha256:b46fa6eae1cd1c20e6e6f44e19984d438b6b2d8616d21d783d150df714f44078", size = 3229072, upload-time = "2025-05-14T17:50:39.774Z" },
    { url = "https://files.pythonhosted.org/packages/15/69/cab11fecc7eb64bc561011be2bd03d065b762d87add52a4ca0aca2e12904/sqlalchemy-2.0.41-cp312-cp312-musllinux_1_2_x86_64.whl", hash = "sha256:41836fe661cc98abfae476e14ba1906220f92c4e528771a8a3ae6a151242d2ae", size = 3268074, upload-time = "2025-05-14T17:51:51.736Z" },
    { url = "https://files.pythonhosted.org/packages/5c/ca/0c19ec16858585d37767b167fc9602593f98998a68a798450558239fb04a/sqlalchemy-2.0.41-cp312-cp312-win32.whl", hash = "sha256:a8808d5cf866c781150d36a3c8eb3adccfa41a8105d031bf27e92c251e3969d6", size = 2084514, upload-time = "2025-05-14T17:55:49.915Z" },
    { url = "https://files.pythonhosted.org/packages/7f/23/4c2833d78ff3010a4e17f984c734f52b531a8c9060a50429c9d4b0211be6/sqlalchemy-2.0.41-cp312-cp312-win_amd64.whl", hash = "sha256:5b14e97886199c1f52c14629c11d90c11fbb09e9334fa7bb5f6d068d9ced0ce0", size = 2111557, upload-time = "2025-05-14T17:55:51.349Z" },
    { url = "https://files.pythonhosted.org/packages/d3/ad/2e1c6d4f235a97eeef52d0200d8ddda16f6c4dd70ae5ad88c46963440480/sqlalchemy-2.0.41-cp313-cp313-macosx_10_13_x86_64.whl", hash = "sha256:4eeb195cdedaf17aab6b247894ff2734dcead6c08f748e617bfe05bd5a218443", size = 2115491, upload-time = "2025-05-14T17:55:31.177Z" },
    { url = "https://files.pythonhosted.org/packages/cf/8d/be490e5db8400dacc89056f78a52d44b04fbf75e8439569d5b879623a53b/sqlalchemy-2.0.41-cp313-cp313-macosx_11_0_arm64.whl", hash = "sha256:d4ae769b9c1c7757e4ccce94b0641bc203bbdf43ba7a2413ab2523d8d047d8dc", size = 2102827, upload-time = "2025-05-14T17:55:34.921Z" },
    { url = "https://files.pythonhosted.org/packages/a0/72/c97ad430f0b0e78efaf2791342e13ffeafcbb3c06242f01a3bb8fe44f65d/sqlalchemy-2.0.41-cp313-cp313-manylinux_2_17_aarch64.manylinux2014_aarch64.whl", hash = "sha256:a62448526dd9ed3e3beedc93df9bb6b55a436ed1474db31a2af13b313a70a7e1", size = 3225224, upload-time = "2025-05-14T17:50:41.418Z" },
    { url = "https://files.pythonhosted.org/packages/5e/51/5ba9ea3246ea068630acf35a6ba0d181e99f1af1afd17e159eac7e8bc2b8/sqlalchemy-2.0.41-cp313-cp313-manylinux_2_17_x86_64.manylinux2014_x86_64.whl", hash = "sha256:dc56c9788617b8964ad02e8fcfeed4001c1f8ba91a9e1f31483c0dffb207002a", size = 3230045, upload-time = "2025-05-14T17:51:54.722Z" },
    { url = "https://files.pythonhosted.org/packages/78/2f/8c14443b2acea700c62f9b4a8bad9e49fc1b65cfb260edead71fd38e9f19/sqlalchemy-2.0.41-cp313-cp313-musllinux_1_2_aarch64.whl", hash = "sha256:c153265408d18de4cc5ded1941dcd8315894572cddd3c58df5d5b5705b3fa28d", size = 3159357, upload-time = "2025-05-14T17:50:43.483Z" },
    { url = "https://files.pythonhosted.org/packages/fc/b2/43eacbf6ccc5276d76cea18cb7c3d73e294d6fb21f9ff8b4eef9b42bbfd5/sqlalchemy-2.0.41-cp313-cp313-musllinux_1_2_x86_64.whl", hash = "sha256:4f67766965996e63bb46cfbf2ce5355fc32d9dd3b8ad7e536a920ff9ee422e23", size = 3197511, upload-time = "2025-05-14T17:51:57.308Z" },
    { url = "https://files.pythonhosted.org/packages/fa/2e/677c17c5d6a004c3c45334ab1dbe7b7deb834430b282b8a0f75ae220c8eb/sqlalchemy-2.0.41-cp313-cp313-win32.whl", hash = "sha256:bfc9064f6658a3d1cadeaa0ba07570b83ce6801a1314985bf98ec9b95d74e15f", size = 2082420, upload-time = "2025-05-14T17:55:52.69Z" },
    { url = "https://files.pythonhosted.org/packages/e9/61/e8c1b9b6307c57157d328dd8b8348ddc4c47ffdf1279365a13b2b98b8049/sqlalchemy-2.0.41-cp313-cp313-win_amd64.whl", hash = "sha256:82ca366a844eb551daff9d2e6e7a9e5e76d2612c8564f58db6c19a726869c1df", size = 2108329, upload-time = "2025-05-14T17:55:54.495Z" },
    { url = "https://files.pythonhosted.org/packages/1c/fc/9ba22f01b5cdacc8f5ed0d22304718d2c758fce3fd49a5372b886a86f37c/sqlalchemy-2.0.41-py3-none-any.whl", hash = "sha256:57df5dc6fdb5ed1a88a1ed2195fd31927e705cad62dedd86b46972752a80f576", size = 1911224, upload-time = "2025-05-14T17:39:42.154Z" },
]

[[package]]
name = "sqlalchemy-libsql"
version = "0.2.0"
source = { registry = "https://pypi.org/simple" }
dependencies = [
    { name = "greenlet" },
    { name = "libsql-experimental" },
    { name = "sqlalchemy" },
]
sdist = { url = "https://files.pythonhosted.org/packages/9c/3e/a628dad23a5310e00db674a5ddf92300acb4199a06ea82385cc48f6e9289/sqlalchemy_libsql-0.2.0.tar.gz", hash = "sha256:f6349c89ea10b941a9cd87ebb65330c660aff996c12d3da7e1696572c360edd1", size = 6405, upload-time = "2025-05-30T17:59:14.812Z" }
wheels = [
    { url = "https://files.pythonhosted.org/packages/a2/b9/7a3b645766a9f0f2ba27580d1ec6eb1ade754b30f0c88fcc6bee4cc2cb20/sqlalchemy_libsql-0.2.0-py3-none-any.whl", hash = "sha256:852a731c64f318581942c81a5e18c9752a553af25608abbff04cd54ae1f3d451", size = 5929, upload-time = "2025-05-30T17:59:13.913Z" },
]

[[package]]
name = "typing-extensions"
version = "4.14.1"
source = { registry = "https://pypi.org/simple" }
sdist = { url = "https://files.pythonhosted.org/packages/98/5a/da40306b885cc8c09109dc2e1abd358d5684b1425678151cdaed4731c822/typing_extensions-4.14.1.tar.gz", hash = "sha256:38b39f4aeeab64884ce9f74c94263ef78f3c22467c8724005483154c26648d36", size = 107673, upload-time = "2025-07-04T13:28:34.16Z" }
wheels = [
    { url = "https://files.pythonhosted.org/packages/b5/00/d631e67a838026495268c2f6884f3711a15a9a2a96cd244fdaea53b823fb/typing_extensions-4.14.1-py3-none-any.whl", hash = "sha256:d1e1e3b58374dc93031d6eda2420a48ea44a36c2b4766a4fdeb3710755731d76", size = 43906, upload-time = "2025-07-04T13:28:32.743Z" },
]
