version = 1
revision = 2
requires-python = ">=3.12.3"

[[package]]
name = "backend"
version = "0.1.0"
source = { virtual = "." }
dependencies = [
    { name = "oxapy" },
    { name = "python-dotenv" },
    { name = "sqlalchemy-libsql" },
]

[package.metadata]
requires-dist = [
    { name = "oxapy", specifier = ">=0.6.0" },
    { name = "python-dotenv" },
    { name = "sqlalchemy-libsql" },
]

[[package]]
name = "greenlet"
version = "3.2.3"
source = { registry = "https://pypi.org/simple" }
sdist = { url = "https://files.pythonhosted.org/packages/c9/92/bb85bd6e80148a4d2e0c59f7c0c2891029f8fd510183afc7d8d2feeed9b6/greenlet-3.2.3.tar.gz", hash = "sha256:8b0dd8ae4c0d6f5e54ee55ba935eeb3d735a9b58a8a1e5b5cbab64e01a39f365", size = 185752, upload-time = "2025-06-05T16:16:09.955Z" }
wheels = [
    { url = "https://files.pythonhosted.org/packages/f3/94/ad0d435f7c48debe960c53b8f60fb41c2026b1d0fa4a99a1cb17c3461e09/greenlet-3.2.3-cp312-cp312-macosx_11_0_universal2.whl", hash = "sha256:25ad29caed5783d4bd7a85c9251c651696164622494c00802a139c00d639242d", size = 271992, upload-time = "2025-06-05T16:11:23.467Z" },
    { url = "https://files.pythonhosted.org/packages/93/5d/7c27cf4d003d6e77749d299c7c8f5fd50b4f251647b5c2e97e1f20da0ab5/greenlet-3.2.3-cp312-cp312-manylinux2014_aarch64.manylinux_2_17_aarch64.whl", hash = "sha256:88cd97bf37fe24a6710ec6a3a7799f3f81d9cd33317dcf565ff9950c83f55e0b", size = 638820, upload-time = "2025-06-05T16:38:52.882Z" },
    { url = "https://files.pythonhosted.org/packages/c6/7e/807e1e9be07a125bb4c169144937910bf59b9d2f6d931578e57f0bce0ae2/greenlet-3.2.3-cp312-cp312-manylinux2014_ppc64le.manylinux_2_17_ppc64le.whl", hash = "sha256:baeedccca94880d2f5666b4fa16fc20ef50ba1ee353ee2d7092b383a243b0b0d", size = 653046, upload-time = "2025-06-05T16:41:36.343Z" },
    { url = "https://files.pythonhosted.org/packages/9d/ab/158c1a4ea1068bdbc78dba5a3de57e4c7aeb4e7fa034320ea94c688bfb61/greenlet-3.2.3-cp312-cp312-manylinux2014_s390x.manylinux_2_17_s390x.whl", hash = "sha256:be52af4b6292baecfa0f397f3edb3c6092ce071b499dd6fe292c9ac9f2c8f264", size = 647701, upload-time = "2025-06-05T16:48:19.604Z" },
    { url = "https://files.pythonhosted.org/packages/cc/0d/93729068259b550d6a0288da4ff72b86ed05626eaf1eb7c0d3466a2571de/greenlet-3.2.3-cp312-cp312-manylinux2014_x86_64.manylinux_2_17_x86_64.whl", hash = "sha256:0cc73378150b8b78b0c9fe2ce56e166695e67478550769536a6742dca3651688", size = 649747, upload-time = "2025-06-05T16:13:04.628Z" },
    { url = "https://files.pythonhosted.org/packages/f6/f6/c82ac1851c60851302d8581680573245c8fc300253fc1ff741ae74a6c24d/greenlet-3.2.3-cp312-cp312-manylinux_2_24_x86_64.manylinux_2_28_x86_64.whl", hash = "sha256:706d016a03e78df129f68c4c9b4c4f963f7d73534e48a24f5f5a7101ed13dbbb", size = 605461, upload-time = "2025-06-05T16:12:50.792Z" },
    { url = "https://files.pythonhosted.org/packages/98/82/d022cf25ca39cf1200650fc58c52af32c90f80479c25d1cbf57980ec3065/greenlet-3.2.3-cp312-cp312-musllinux_1_1_aarch64.whl", hash = "sha256:419e60f80709510c343c57b4bb5a339d8767bf9aef9b8ce43f4f143240f88b7c", size = 1121190, upload-time = "2025-06-05T16:36:48.59Z" },
    { url = "https://files.pythonhosted.org/packages/f5/e1/25297f70717abe8104c20ecf7af0a5b82d2f5a980eb1ac79f65654799f9f/greenlet-3.2.3-cp312-cp312-musllinux_1_1_x86_64.whl", hash = "sha256:93d48533fade144203816783373f27a97e4193177ebaaf0fc396db19e5d61163", size = 1149055, upload-time = "2025-06-05T16:12:40.457Z" },
    { url = "https://files.pythonhosted.org/packages/1f/8f/8f9e56c5e82eb2c26e8cde787962e66494312dc8cb261c460e1f3a9c88bc/greenlet-3.2.3-cp312-cp312-win_amd64.whl", hash = "sha256:7454d37c740bb27bdeddfc3f358f26956a07d5220818ceb467a483197d84f849", size = 297817, upload-time = "2025-06-05T16:29:49.244Z" },
    { url = "https://files.pythonhosted.org/packages/b1/cf/f5c0b23309070ae93de75c90d29300751a5aacefc0a3ed1b1d8edb28f08b/greenlet-3.2.3-cp313-cp313-macosx_11_0_universal2.whl", hash = "sha256:500b8689aa9dd1ab26872a34084503aeddefcb438e2e7317b89b11eaea1901ad", size = 270732, upload-time = "2025-06-05T16:10:08.26Z" },
    { url = "https://files.pythonhosted.org/packages/48/ae/91a957ba60482d3fecf9be49bc3948f341d706b52ddb9d83a70d42abd498/greenlet-3.2.3-cp313-cp313-manylinux2014_aarch64.manylinux_2_17_aarch64.whl", hash = "sha256:a07d3472c2a93117af3b0136f246b2833fdc0b542d4a9799ae5f41c28323faef", size = 639033, upload-time = "2025-06-05T16:38:53.983Z" },
    { url = "https://files.pythonhosted.org/packages/6f/df/20ffa66dd5a7a7beffa6451bdb7400d66251374ab40b99981478c69a67a8/greenlet-3.2.3-cp313-cp313-manylinux2014_ppc64le.manylinux_2_17_ppc64le.whl", hash = "sha256:8704b3768d2f51150626962f4b9a9e4a17d2e37c8a8d9867bbd9fa4eb938d3b3", size = 652999, upload-time = "2025-06-05T16:41:37.89Z" },
    { url = "https://files.pythonhosted.org/packages/51/b4/ebb2c8cb41e521f1d72bf0465f2f9a2fd803f674a88db228887e6847077e/greenlet-3.2.3-cp313-cp313-manylinux2014_s390x.manylinux_2_17_s390x.whl", hash = "sha256:5035d77a27b7c62db6cf41cf786cfe2242644a7a337a0e155c80960598baab95", size = 647368, upload-time = "2025-06-05T16:48:21.467Z" },
    { url = "https://files.pythonhosted.org/packages/8e/6a/1e1b5aa10dced4ae876a322155705257748108b7fd2e4fae3f2a091fe81a/greenlet-3.2.3-cp313-cp313-manylinux2014_x86_64.manylinux_2_17_x86_64.whl", hash = "sha256:2d8aa5423cd4a396792f6d4580f88bdc6efcb9205891c9d40d20f6e670992efb", size = 650037, upload-time = "2025-06-05T16:13:06.402Z" },
    { url = "https://files.pythonhosted.org/packages/26/f2/ad51331a157c7015c675702e2d5230c243695c788f8f75feba1af32b3617/greenlet-3.2.3-cp313-cp313-manylinux_2_24_x86_64.manylinux_2_28_x86_64.whl", hash = "sha256:2c724620a101f8170065d7dded3f962a2aea7a7dae133a009cada42847e04a7b", size = 608402, upload-time = "2025-06-05T16:12:51.91Z" },
    { url = "https://files.pythonhosted.org/packages/26/bc/862bd2083e6b3aff23300900a956f4ea9a4059de337f5c8734346b9b34fc/greenlet-3.2.3-cp313-cp313-musllinux_1_1_aarch64.whl", hash = "sha256:873abe55f134c48e1f2a6f53f7d1419192a3d1a4e873bace00499a4e45ea6af0", size = 1119577, upload-time = "2025-06-05T16:36:49.787Z" },
    { url = "https://files.pythonhosted.org/packages/86/94/1fc0cc068cfde885170e01de40a619b00eaa8f2916bf3541744730ffb4c3/greenlet-3.2.3-cp313-cp313-musllinux_1_1_x86_64.whl", hash = "sha256:024571bbce5f2c1cfff08bf3fbaa43bbc7444f580ae13b0099e95d0e6e67ed36", size = 1147121, upload-time = "2025-06-05T16:12:42.527Z" },
    { url = "https://files.pythonhosted.org/packages/27/1a/199f9587e8cb08a0658f9c30f3799244307614148ffe8b1e3aa22f324dea/greenlet-3.2.3-cp313-cp313-win_amd64.whl", hash = "sha256:5195fb1e75e592dd04ce79881c8a22becdfa3e6f500e7feb059b1e6fdd54d3e3", size = 297603, upload-time = "2025-06-05T16:20:12.651Z" },
    { url = "https://files.pythonhosted.org/packages/d8/ca/accd7aa5280eb92b70ed9e8f7fd79dc50a2c21d8c73b9a0856f5b564e222/greenlet-3.2.3-cp314-cp314-macosx_11_0_universal2.whl", hash = "sha256:3d04332dddb10b4a211b68111dabaee2e1a073663d117dc10247b5b1642bac86", size = 271479, upload-time = "2025-06-05T16:10:47.525Z" },
    { url = "https://files.pythonhosted.org/packages/55/71/01ed9895d9eb49223280ecc98a557585edfa56b3d0e965b9fa9f7f06b6d9/greenlet-3.2.3-cp314-cp314-manylinux2014_aarch64.manylinux_2_17_aarch64.whl", hash = "sha256:8186162dffde068a465deab08fc72c767196895c39db26ab1c17c0b77a6d8b97", size = 683952, upload-time = "2025-06-05T16:38:55.125Z" },
    { url = "https://files.pythonhosted.org/packages/ea/61/638c4bdf460c3c678a0a1ef4c200f347dff80719597e53b5edb2fb27ab54/greenlet-3.2.3-cp314-cp314-manylinux2014_ppc64le.manylinux_2_17_ppc64le.whl", hash = "sha256:f4bfbaa6096b1b7a200024784217defedf46a07c2eee1a498e94a1b5f8ec5728", size = 696917, upload-time = "2025-06-05T16:41:38.959Z" },
    { url = "https://files.pythonhosted.org/packages/22/cc/0bd1a7eb759d1f3e3cc2d1bc0f0b487ad3cc9f34d74da4b80f226fde4ec3/greenlet-3.2.3-cp314-cp314-manylinux2014_s390x.manylinux_2_17_s390x.whl", hash = "sha256:ed6cfa9200484d234d8394c70f5492f144b20d4533f69262d530a1a082f6ee9a", size = 692443, upload-time = "2025-06-05T16:48:23.113Z" },
    { url = "https://files.pythonhosted.org/packages/67/10/b2a4b63d3f08362662e89c103f7fe28894a51ae0bc890fabf37d1d780e52/greenlet-3.2.3-cp314-cp314-manylinux2014_x86_64.manylinux_2_17_x86_64.whl", hash = "sha256:02b0df6f63cd15012bed5401b47829cfd2e97052dc89da3cfaf2c779124eb892", size = 692995, upload-time = "2025-06-05T16:13:07.972Z" },
    { url = "https://files.pythonhosted.org/packages/5a/c6/ad82f148a4e3ce9564056453a71529732baf5448ad53fc323e37efe34f66/greenlet-3.2.3-cp314-cp314-manylinux_2_24_x86_64.manylinux_2_28_x86_64.whl", hash = "sha256:86c2d68e87107c1792e2e8d5399acec2487a4e993ab76c792408e59394d52141", size = 655320, upload-time = "2025-06-05T16:12:53.453Z" },
    { url = "https://files.pythonhosted.org/packages/5c/4f/aab73ecaa6b3086a4c89863d94cf26fa84cbff63f52ce9bc4342b3087a06/greenlet-3.2.3-cp314-cp314-win_amd64.whl", hash = "sha256:8c47aae8fbbfcf82cc13327ae802ba13c9c36753b67e760023fd116bc124a62a", size = 301236, upload-time = "2025-06-05T16:15:20.111Z" },
]

[[package]]
name = "libsql-experimental"
version = "0.0.55"
source = { registry = "https://pypi.org/simple" }
sdist = { url = "https://files.pythonhosted.org/packages/53/14/d3eb81673e2096f38eb48f08e38b447f6f2fdc37a50bdb1810d4a225a7aa/libsql_experimental-0.0.55.tar.gz", hash = "sha256:34df13ad6da446e4ccede9b3803af40684da399c8f304848b54ea37e7111b249", size = 31954, upload-time = "2025-06-09T07:26:48.682Z" }
wheels = [
    { url = "https://files.pythonhosted.org/packages/25/28/72e3bea3d9f28fbabcf11648d791f1f20fe42c288f58afdfbd978bd5500e/libsql_experimental-0.0.55-cp312-cp312-macosx_10_12_x86_64.whl", hash = "sha256:cffb9cd0c4bb39b37a5060ad492516c921ecbcc17ca7baa62c791d6753aa155b", size = 4881247, upload-time = "2025-06-09T07:26:32.335Z" },
    { url = "https://files.pythonhosted.org/packages/17/ed/479f0908ccfdf1ccace798aac65480cb9514737fb37757daae0036ae6c7d/libsql_experimental-0.0.55-cp312-cp312-macosx_11_0_arm64.whl", hash = "sha256:50312e354e739676885a9ea4000365538f3cec914d6b508a2206c3d33bea93a3", size = 4656349, upload-time = "2025-06-09T07:26:34.217Z" },
    { url = "https://files.pythonhosted.org/packages/69/32/d84a47c7ab5332247be52065aaa6b22e4baae969b33af8daa99fb1a317bf/libsql_experimental-0.0.55-cp312-cp312-manylinux_2_17_x86_64.manylinux2014_x86_64.whl", hash = "sha256:60d018dbad48f98ddee49d211618ab6309d4fa2a51beb8d9076de184d1cae9da", size = 5273739, upload-time = "2025-06-09T07:26:35.913Z" },
    { url = "https://files.pythonhosted.org/packages/a0/9f/3589b9590ba948922bd200a02d754fa29e739da81a2953367e9283667a16/libsql_experimental-0.0.55-cp313-cp313-macosx_10_12_x86_64.whl", hash = "sha256:f3bfd7af2ca9d1ff8f8c7f7fce5f1a650bfe53c23b45658253480fe287283bae", size = 4881245, upload-time = "2025-06-09T07:26:37.382Z" },
    { url = "https://files.pythonhosted.org/packages/37/cf/4aead944cb90f82ab1b61edc78dbe893420e8c4ceee19e1fdae775b1273d/libsql_experimental-0.0.55-cp313-cp313-macosx_11_0_arm64.whl", hash = "sha256:b3476a78edb8f59aa6c571d6def1840fff8d263eb4bbc4b26b2afd7400cb9ba2", size = 4656348, upload-time = "2025-06-09T07:26:39.04Z" },
    { url = "https://files.pythonhosted.org/packages/70/73/134dc2db0c3805f62953c85778bf93ac2f4a5ad81d49e592be990b012711/libsql_experimental-0.0.55-cp313-cp313-manylinux_2_17_x86_64.manylinux2014_x86_64.whl", hash = "sha256:7a5dd325f87425546e0a7f0d460d4b6e1852bc4d4194a7b5ad127614ef8b3b10", size = 5273740, upload-time = "2025-06-09T07:26:40.597Z" },
]

[[package]]
name = "orjson"
version = "3.11.1"
source = { registry = "https://pypi.org/simple" }
sdist = { url = "https://files.pythonhosted.org/packages/19/3b/fd9ff8ff64ae3900f11554d5cfc835fb73e501e043c420ad32ec574fe27f/orjson-3.11.1.tar.gz", hash = "sha256:48d82770a5fd88778063604c566f9c7c71820270c9cc9338d25147cbf34afd96", size = 5393373, upload-time = "2025-07-25T14:33:52.898Z" }
wheels = [
    { url = "https://files.pythonhosted.org/packages/98/77/e55513826b712807caadb2b733eee192c1df105c6bbf0d965c253b72f124/orjson-3.11.1-cp312-cp312-macosx_10_15_x86_64.macosx_11_0_arm64.macosx_10_15_universal2.whl", hash = "sha256:2b7c8be96db3a977367250c6367793a3c5851a6ca4263f92f0b48d00702f9910", size = 240955, upload-time = "2025-07-25T14:32:34.056Z" },
    { url = "https://files.pythonhosted.org/packages/c9/88/a78132dddcc9c3b80a9fa050b3516bb2c996a9d78ca6fb47c8da2a80a696/orjson-3.11.1-cp312-cp312-macosx_15_0_arm64.whl", hash = "sha256:72e18088f567bd4a45db5e3196677d9ed1605e356e500c8e32dd6e303167a13d", size = 129294, upload-time = "2025-07-25T14:32:35.323Z" },
    { url = "https://files.pythonhosted.org/packages/09/02/6591e0dcb2af6bceea96cb1b5f4b48c1445492a3ef2891ac4aa306bb6f73/orjson-3.11.1-cp312-cp312-manylinux_2_17_aarch64.manylinux2014_aarch64.whl", hash = "sha256:d346e2ae1ce17888f7040b65a5a4a0c9734cb20ffbd228728661e020b4c8b3a5", size = 132310, upload-time = "2025-07-25T14:32:36.53Z" },
    { url = "https://files.pythonhosted.org/packages/e9/36/c1cfbc617bcfa4835db275d5e0fe9bbdbe561a4b53d3b2de16540ec29c50/orjson-3.11.1-cp312-cp312-manylinux_2_17_armv7l.manylinux2014_armv7l.whl", hash = "sha256:4bda5426ebb02ceb806a7d7ec9ba9ee5e0c93fca62375151a7b1c00bc634d06b", size = 128529, upload-time = "2025-07-25T14:32:37.817Z" },
    { url = "https://files.pythonhosted.org/packages/7c/bd/91a156c5df3aaf1d68b2ab5be06f1969955a8d3e328d7794f4338ac1d017/orjson-3.11.1-cp312-cp312-manylinux_2_17_i686.manylinux2014_i686.whl", hash = "sha256:10506cebe908542c4f024861102673db534fd2e03eb9b95b30d94438fa220abf", size = 130925, upload-time = "2025-07-25T14:32:39.03Z" },
    { url = "https://files.pythonhosted.org/packages/a3/4c/a65cc24e9a5f87c9833a50161ab97b5edbec98bec99dfbba13827549debc/orjson-3.11.1-cp312-cp312-manylinux_2_17_ppc64le.manylinux2014_ppc64le.whl", hash = "sha256:45202ee3f5494644e064c41abd1320497fb92fd31fc73af708708af664ac3b56", size = 132432, upload-time = "2025-07-25T14:32:40.619Z" },
    { url = "https://files.pythonhosted.org/packages/2e/4d/3fc3e5d7115f4f7d01b481e29e5a79bcbcc45711a2723242787455424f40/orjson-3.11.1-cp312-cp312-manylinux_2_17_s390x.manylinux2014_s390x.whl", hash = "sha256:e5adaf01b92e0402a9ac5c3ebe04effe2bbb115f0914a0a53d34ea239a746289", size = 135069, upload-time = "2025-07-25T14:32:41.84Z" },
    { url = "https://files.pythonhosted.org/packages/dc/c6/7585aa8522af896060dc0cd7c336ba6c574ae854416811ee6642c505cc95/orjson-3.11.1-cp312-cp312-manylinux_2_17_x86_64.manylinux2014_x86_64.whl", hash = "sha256:6162a1a757a1f1f4a94bc6ffac834a3602e04ad5db022dd8395a54ed9dd51c81", size = 131045, upload-time = "2025-07-25T14:32:43.085Z" },
    { url = "https://files.pythonhosted.org/packages/6a/4e/b8a0a943793d2708ebc39e743c943251e08ee0f3279c880aefd8e9cb0c70/orjson-3.11.1-cp312-cp312-musllinux_1_2_aarch64.whl", hash = "sha256:78404206977c9f946613d3f916727c189d43193e708d760ea5d4b2087d6b0968", size = 130597, upload-time = "2025-07-25T14:32:44.336Z" },
    { url = "https://files.pythonhosted.org/packages/72/2b/7d30e2aed2f585d5d385fb45c71d9b16ba09be58c04e8767ae6edc6c9282/orjson-3.11.1-cp312-cp312-musllinux_1_2_armv7l.whl", hash = "sha256:db48f8e81072e26df6cdb0e9fff808c28597c6ac20a13d595756cf9ba1fed48a", size = 404207, upload-time = "2025-07-25T14:32:45.612Z" },
    { url = "https://files.pythonhosted.org/packages/1b/7e/772369ec66fcbce79477f0891918309594cd00e39b67a68d4c445d2ab754/orjson-3.11.1-cp312-cp312-musllinux_1_2_i686.whl", hash = "sha256:0c1e394e67ced6bb16fea7054d99fbdd99a539cf4d446d40378d4c06e0a8548d", size = 146628, upload-time = "2025-07-25T14:32:46.981Z" },
    { url = "https://files.pythonhosted.org/packages/b4/c8/62bdb59229d7e393ae309cef41e32cc1f0b567b21dfd0742da70efb8b40c/orjson-3.11.1-cp312-cp312-musllinux_1_2_x86_64.whl", hash = "sha256:e7a840752c93d4eecd1378e9bb465c3703e127b58f675cd5c620f361b6cf57a4", size = 135449, upload-time = "2025-07-25T14:32:48.727Z" },
    { url = "https://files.pythonhosted.org/packages/02/47/1c99aa60e19f781424eabeaacd9e999eafe5b59c81ead4273b773f0f3af1/orjson-3.11.1-cp312-cp312-win32.whl", hash = "sha256:4537b0e09f45d2b74cb69c7f39ca1e62c24c0488d6bf01cd24673c74cd9596bf", size = 136653, upload-time = "2025-07-25T14:32:50.622Z" },
    { url = "https://files.pythonhosted.org/packages/31/9a/132999929a2892ab07e916669accecc83e5bff17e11a1186b4c6f23231f0/orjson-3.11.1-cp312-cp312-win_amd64.whl", hash = "sha256:dbee6b050062540ae404530cacec1bf25e56e8d87d8d9b610b935afeb6725cae", size = 131426, upload-time = "2025-07-25T14:32:51.883Z" },
    { url = "https://files.pythonhosted.org/packages/9c/77/d984ee5a1ca341090902e080b187721ba5d1573a8d9759e0c540975acfb2/orjson-3.11.1-cp312-cp312-win_arm64.whl", hash = "sha256:f55e557d4248322d87c4673e085c7634039ff04b47bfc823b87149ae12bef60d", size = 126635, upload-time = "2025-07-25T14:32:53.2Z" },
    { url = "https://files.pythonhosted.org/packages/c9/e9/880ef869e6f66279ce3a381a32afa0f34e29a94250146911eee029e56efc/orjson-3.11.1-cp313-cp313-macosx_10_15_x86_64.macosx_11_0_arm64.macosx_10_15_universal2.whl", hash = "sha256:53cfefe4af059e65aabe9683f76b9c88bf34b4341a77d329227c2424e0e59b0e", size = 240835, upload-time = "2025-07-25T14:32:54.507Z" },
    { url = "https://files.pythonhosted.org/packages/f0/1f/52039ef3d03eeea21763b46bc99ebe11d9de8510c72b7b5569433084a17e/orjson-3.11.1-cp313-cp313-macosx_15_0_arm64.whl", hash = "sha256:93d5abed5a6f9e1b6f9b5bf6ed4423c11932b5447c2f7281d3b64e0f26c6d064", size = 129226, upload-time = "2025-07-25T14:32:55.908Z" },
    { url = "https://files.pythonhosted.org/packages/ee/da/59fdffc9465a760be2cd3764ef9cd5535eec8f095419f972fddb123b6d0e/orjson-3.11.1-cp313-cp313-manylinux_2_17_aarch64.manylinux2014_aarch64.whl", hash = "sha256:5dbf06642f3db2966df504944cdd0eb68ca2717f0353bb20b20acd78109374a6", size = 132261, upload-time = "2025-07-25T14:32:57.538Z" },
    { url = "https://files.pythonhosted.org/packages/bb/5c/8610911c7e969db7cf928c8baac4b2f1e68d314bc3057acf5ca64f758435/orjson-3.11.1-cp313-cp313-manylinux_2_17_armv7l.manylinux2014_armv7l.whl", hash = "sha256:dddf4e78747fa7f2188273f84562017a3c4f0824485b78372513c1681ea7a894", size = 128614, upload-time = "2025-07-25T14:32:58.808Z" },
    { url = "https://files.pythonhosted.org/packages/f7/a1/a1db9d4310d014c90f3b7e9b72c6fb162cba82c5f46d0b345669eaebdd3a/orjson-3.11.1-cp313-cp313-manylinux_2_17_i686.manylinux2014_i686.whl", hash = "sha256:fa3fe8653c9f57f0e16f008e43626485b6723b84b2f741f54d1258095b655912", size = 130968, upload-time = "2025-07-25T14:33:00.038Z" },
    { url = "https://files.pythonhosted.org/packages/56/ff/11acd1fd7c38ea7a1b5d6bf582ae3da05931bee64620995eb08fd63c77fe/orjson-3.11.1-cp313-cp313-manylinux_2_17_ppc64le.manylinux2014_ppc64le.whl", hash = "sha256:6334d2382aff975a61f6f4d1c3daf39368b887c7de08f7c16c58f485dcf7adb2", size = 132439, upload-time = "2025-07-25T14:33:01.354Z" },
    { url = "https://files.pythonhosted.org/packages/70/f9/bb564dd9450bf8725e034a8ad7f4ae9d4710a34caf63b85ce1c0c6d40af0/orjson-3.11.1-cp313-cp313-manylinux_2_17_s390x.manylinux2014_s390x.whl", hash = "sha256:a3d0855b643f259ee0cb76fe3df4c04483354409a520a902b067c674842eb6b8", size = 135299, upload-time = "2025-07-25T14:33:03.079Z" },
    { url = "https://files.pythonhosted.org/packages/94/bb/c8eafe6051405e241dda3691db4d9132d3c3462d1d10a17f50837dd130b4/orjson-3.11.1-cp313-cp313-manylinux_2_17_x86_64.manylinux2014_x86_64.whl", hash = "sha256:0eacdfeefd0a79987926476eb16e0245546bedeb8febbbbcf4b653e79257a8e4", size = 131004, upload-time = "2025-07-25T14:33:04.416Z" },
    { url = "https://files.pythonhosted.org/packages/a2/40/bed8d7dcf1bd2df8813bf010a25f645863a2f75e8e0ebdb2b55784cf1a62/orjson-3.11.1-cp313-cp313-musllinux_1_2_aarch64.whl", hash = "sha256:0ed07faf9e4873518c60480325dcbc16d17c59a165532cccfb409b4cdbaeff24", size = 130583, upload-time = "2025-07-25T14:33:05.768Z" },
    { url = "https://files.pythonhosted.org/packages/57/e7/cfa2eb803ad52d74fbb5424a429b5be164e51d23f1d853e5e037173a5c48/orjson-3.11.1-cp313-cp313-musllinux_1_2_armv7l.whl", hash = "sha256:d6d308dd578ae3658f62bb9eba54801533225823cd3248c902be1ebc79b5e014", size = 404218, upload-time = "2025-07-25T14:33:07.117Z" },
    { url = "https://files.pythonhosted.org/packages/d5/21/bc703af5bc6e9c7e18dcf4404dcc4ec305ab9bb6c82d3aee5952c0c56abf/orjson-3.11.1-cp313-cp313-musllinux_1_2_i686.whl", hash = "sha256:c4aa13ca959ba6b15c0a98d3d204b850f9dc36c08c9ce422ffb024eb30d6e058", size = 146605, upload-time = "2025-07-25T14:33:08.55Z" },
    { url = "https://files.pythonhosted.org/packages/8f/fe/d26a0150534c4965a06f556aa68bf3c3b82999d5d7b0facd3af7b390c4af/orjson-3.11.1-cp313-cp313-musllinux_1_2_x86_64.whl", hash = "sha256:be3d0653322abc9b68e5bcdaee6cfd58fcbe9973740ab222b87f4d687232ab1f", size = 135434, upload-time = "2025-07-25T14:33:09.967Z" },
    { url = "https://files.pythonhosted.org/packages/89/b6/1cb28365f08cbcffc464f8512320c6eb6db6a653f03d66de47ea3c19385f/orjson-3.11.1-cp313-cp313-win32.whl", hash = "sha256:4dd34e7e2518de8d7834268846f8cab7204364f427c56fb2251e098da86f5092", size = 136596, upload-time = "2025-07-25T14:33:11.333Z" },
    { url = "https://files.pythonhosted.org/packages/f9/35/7870d0d3ed843652676d84d8a6038791113eacc85237b673b925802826b8/orjson-3.11.1-cp313-cp313-win_amd64.whl", hash = "sha256:d6895d32032b6362540e6d0694b19130bb4f2ad04694002dce7d8af588ca5f77", size = 131319, upload-time = "2025-07-25T14:33:12.614Z" },
    { url = "https://files.pythonhosted.org/packages/b7/3e/5bcd50fd865eb664d4edfdaaaff51e333593ceb5695a22c0d0a0d2b187ba/orjson-3.11.1-cp313-cp313-win_arm64.whl", hash = "sha256:bb7c36d5d3570fcbb01d24fa447a21a7fe5a41141fd88e78f7994053cc4e28f4", size = 126613, upload-time = "2025-07-25T14:33:13.927Z" },
    { url = "https://files.pythonhosted.org/packages/61/d8/0a5cd31ed100b4e569e143cb0cddefc21f0bcb8ce284f44bca0bb0e10f3d/orjson-3.11.1-cp314-cp314-macosx_10_15_x86_64.macosx_11_0_arm64.macosx_10_15_universal2.whl", hash = "sha256:7b71ef394327b3d0b39f6ea7ade2ecda2731a56c6a7cbf0d6a7301203b92a89b", size = 240819, upload-time = "2025-07-25T14:33:15.223Z" },
    { url = "https://files.pythonhosted.org/packages/b9/95/7eb2c76c92192ceca16bc81845ff100bbb93f568b4b94d914b6a4da47d61/orjson-3.11.1-cp314-cp314-macosx_15_0_arm64.whl", hash = "sha256:77c0fe28ed659b62273995244ae2aa430e432c71f86e4573ab16caa2f2e3ca5e", size = 129218, upload-time = "2025-07-25T14:33:16.637Z" },
    { url = "https://files.pythonhosted.org/packages/da/84/e6b67f301b18adbbc346882f456bea44daebbd032ba725dbd7b741e3a7f1/orjson-3.11.1-cp314-cp314-manylinux_2_34_aarch64.whl", hash = "sha256:1495692f1f1ba2467df429343388a0ed259382835922e124c0cfdd56b3d1f727", size = 132238, upload-time = "2025-07-25T14:33:17.934Z" },
    { url = "https://files.pythonhosted.org/packages/84/78/a45a86e29d9b2f391f9d00b22da51bc4b46b86b788fd42df2c5fcf3e8005/orjson-3.11.1-cp314-cp314-manylinux_2_34_x86_64.whl", hash = "sha256:08c6a762fca63ca4dc04f66c48ea5d2428db55839fec996890e1bfaf057b658c", size = 130998, upload-time = "2025-07-25T14:33:19.282Z" },
    { url = "https://files.pythonhosted.org/packages/ea/8f/6eb3ee6760d93b2ce996a8529164ee1f5bafbdf64b74c7314b68db622b32/orjson-3.11.1-cp314-cp314-musllinux_1_2_aarch64.whl", hash = "sha256:9e26794fe3976810b2c01fda29bd9ac7c91a3c1284b29cc9a383989f7b614037", size = 130559, upload-time = "2025-07-25T14:33:20.589Z" },
    { url = "https://files.pythonhosted.org/packages/1b/78/9572ae94bdba6813917c9387e7834224c011ea6b4530ade07d718fd31598/orjson-3.11.1-cp314-cp314-musllinux_1_2_armv7l.whl", hash = "sha256:4b4b4f8f0b1d3ef8dc73e55363a0ffe012a42f4e2f1a140bf559698dca39b3fa", size = 404231, upload-time = "2025-07-25T14:33:22.019Z" },
    { url = "https://files.pythonhosted.org/packages/1f/a3/68381ad0757e084927c5ee6cfdeab1c6c89405949ee493db557e60871c4c/orjson-3.11.1-cp314-cp314-musllinux_1_2_i686.whl", hash = "sha256:848be553ea35aa89bfefbed2e27c8a41244c862956ab8ba00dc0b27e84fd58de", size = 146658, upload-time = "2025-07-25T14:33:23.675Z" },
    { url = "https://files.pythonhosted.org/packages/00/db/fac56acf77aab778296c3f541a3eec643266f28ecd71d6c0cba251e47655/orjson-3.11.1-cp314-cp314-musllinux_1_2_x86_64.whl", hash = "sha256:c964c29711a4b1df52f8d9966f015402a6cf87753a406c1c4405c407dd66fd45", size = 135443, upload-time = "2025-07-25T14:33:25.04Z" },
    { url = "https://files.pythonhosted.org/packages/76/b1/326fa4b87426197ead61c1eec2eeb3babc9eb33b480ac1f93894e40c8c08/orjson-3.11.1-cp314-cp314-win32.whl", hash = "sha256:33aada2e6b6bc9c540d396528b91e666cedb383740fee6e6a917f561b390ecb1", size = 136643, upload-time = "2025-07-25T14:33:26.449Z" },
    { url = "https://files.pythonhosted.org/packages/0f/8e/2987ae2109f3bfd39680f8a187d1bc09ad7f8fb019dcdc719b08c7242ade/orjson-3.11.1-cp314-cp314-win_amd64.whl", hash = "sha256:68e10fd804e44e36188b9952543e3fa22f5aa8394da1b5283ca2b423735c06e8", size = 131324, upload-time = "2025-07-25T14:33:27.896Z" },
    { url = "https://files.pythonhosted.org/packages/21/5f/253e08e6974752b124fbf3a4de3ad53baa766b0cb4a333d47706d307e396/orjson-3.11.1-cp314-cp314-win_arm64.whl", hash = "sha256:f3cf6c07f8b32127d836be8e1c55d4f34843f7df346536da768e9f73f22078a1", size = 126605, upload-time = "2025-07-25T14:33:29.244Z" },
]

[[package]]
name = "oxapy"
version = "0.6.0"
source = { registry = "https://pypi.org/simple" }
dependencies = [
    { name = "orjson" },
]
sdist = { url = "https://files.pythonhosted.org/packages/ad/d6/6814574c60d809c6abe3a5b0d8d0e6195d9d2634c61178fd19b1e508971f/oxapy-0.6.0.tar.gz", hash = "sha256:84d0413f7c26db8fc897ce559bb3bc79da90ecd7bffda73cdf3d5163fc664483", size = 56233, upload-time = "2025-07-15T08:18:49.044Z" }
wheels = [
    { url = "https://files.pythonhosted.org/packages/a5/44/7d985a33b214c89a84701ea5643467925edd9638cad080f70f02cc4dc11b/oxapy-0.6.0-cp312-cp312-macosx_10_12_x86_64.whl", hash = "sha256:c98458d4920e636e421cca43a1c4ea1dd7f38663cd1a1d18377b390556f4c35b", size = 5328094, upload-time = "2025-07-15T08:17:17.668Z" },
    { url = "https://files.pythonhosted.org/packages/eb/1c/582ff19963847111d3361cd9252f6933b0560f090b976b3585509ee57b6d/oxapy-0.6.0-cp312-cp312-macosx_11_0_arm64.whl", hash = "sha256:35260ca0065e87dcb9789a463e53e8f709d8c3f86b8c4977db017159bf082a4c", size = 4731402, upload-time = "2025-07-15T08:17:11.382Z" },
    { url = "https://files.pythonhosted.org/packages/56/9a/dfe6983f9fe8e6adcb5d982ff2cc501d9f931cd7885754e209207d782561/oxapy-0.6.0-cp312-cp312-manylinux_2_17_aarch64.manylinux2014_aarch64.whl", hash = "sha256:5befb2d29f9fd9fea13ca4f99562cb31b4c0841387ff756fd64542f6206cfab4", size = 5248881, upload-time = "2025-07-15T08:15:05.379Z" },
    { url = "https://files.pythonhosted.org/packages/46/89/5b49f97aa0e4651ab510fbba49ff5ad6bb1f6b98dc8b9a7c3b7b3772cf98/oxapy-0.6.0-cp312-cp312-manylinux_2_17_armv7l.manylinux2014_armv7l.whl", hash = "sha256:61534f0d8f0e7759adce85a62bcbcadcdb35f52f59b3301efb16034e2d54407f", size = 5423944, upload-time = "2025-07-15T08:15:27.249Z" },
    { url = "https://files.pythonhosted.org/packages/9f/c2/500a3f52c94f437c4a38ee913673c6ac5921bc44093fea05fff45e432890/oxapy-0.6.0-cp312-cp312-manylinux_2_17_i686.manylinux2014_i686.whl", hash = "sha256:16242913df7f160f594a124048891ea7345ebdda6674a4cf7fffff004ea0f4f0", size = 5902552, upload-time = "2025-07-15T08:16:35.109Z" },
    { url = "https://files.pythonhosted.org/packages/e0/01/341bc20fe792cb2c3dbf7a2bdb256fa67a91a9e90cf8d23fc3d2d02ee3a5/oxapy-0.6.0-cp312-cp312-manylinux_2_17_ppc64le.manylinux2014_ppc64le.whl", hash = "sha256:78f081578d008a268bd7e8f397edbddc8f3b36e75d978227dc425231a68cb1e7", size = 6352831, upload-time = "2025-07-15T08:15:49.617Z" },
    { url = "https://files.pythonhosted.org/packages/c6/a8/fcd725ca78032121193aeade0823dae7139a859f046ba7b926d37cb6d012/oxapy-0.6.0-cp312-cp312-manylinux_2_17_s390x.manylinux2014_s390x.whl", hash = "sha256:23755fc8aa8035595e185faa24f58fcd69f48e7b144f1836ecb73c8a147b162b", size = 5740407, upload-time = "2025-07-15T08:16:14.404Z" },
    { url = "https://files.pythonhosted.org/packages/b1/c1/77d3834a44b0ab2e2dd994a1e5a29a56867be108b40f232f8bd2499e684e/oxapy-0.6.0-cp312-cp312-manylinux_2_17_x86_64.manylinux2014_x86_64.whl", hash = "sha256:b68cd618e7d2e627fde76869e744e0ed661e31b14f0cd75b991e5704ad548ceb", size = 5800704, upload-time = "2025-07-15T08:16:54.839Z" },
    { url = "https://files.pythonhosted.org/packages/60/b9/619d5c035e36a8e2b77f3ba690bbf1eb3011f681f12fbe20727505922eca/oxapy-0.6.0-cp312-cp312-musllinux_1_2_aarch64.whl", hash = "sha256:959e1eab98764a5634805aca4717b0f0597ed95fd703b9d06651ebbdd6b5c497", size = 5392183, upload-time = "2025-07-15T08:17:26.703Z" },
    { url = "https://files.pythonhosted.org/packages/24/5a/f70863db44549ba47c8495b4ab223d661e8e9b68a325516b2567b252ee15/oxapy-0.6.0-cp312-cp312-musllinux_1_2_armv7l.whl", hash = "sha256:0944d36670f6fc248aefff7fbccb0d342c77abc51952ddcaa57c03636e0c4d71", size = 5652299, upload-time = "2025-07-15T08:17:48.438Z" },
    { url = "https://files.pythonhosted.org/packages/36/b3/05ce3d85804d346cc8a0f8da1c22abd881423306c3202203803717306a42/oxapy-0.6.0-cp312-cp312-musllinux_1_2_i686.whl", hash = "sha256:fbf4786554fd461ab1f6ecf13c406ee5c14fc977f98cd7558794899ff90e16eb", size = 5793911, upload-time = "2025-07-15T08:18:11.009Z" },
    { url = "https://files.pythonhosted.org/packages/fe/a5/14fa5d115bc8dbf4953323326b193cdb388e0bed38ee542493141b879332/oxapy-0.6.0-cp312-cp312-musllinux_1_2_x86_64.whl", hash = "sha256:4713429799772970cfcf8d7a9ddd8da949e8e87a3cd73b47af0570ae720d2095", size = 5970205, upload-time = "2025-07-15T08:18:32.561Z" },
    { url = "https://files.pythonhosted.org/packages/2f/26/20201a8aa0b601b9a4e8247c3815db21bc0db1e365f08f2b3cfa26228b5f/oxapy-0.6.0-cp312-cp312-win32.whl", hash = "sha256:8bc4e11e768f8afdee6735e719129aefa0ed6eb72b1d675779cd7126d1314812", size = 4288509, upload-time = "2025-07-15T08:19:06.651Z" },
    { url = "https://files.pythonhosted.org/packages/9e/34/d8caabf9c3ef171cec8f5ddb22d05aef606b8341f98a989aed0a7d556234/oxapy-0.6.0-cp312-cp312-win_amd64.whl", hash = "sha256:1f0ebb3ae098ea5e2e74a70a65220d4ffa390e6ea85fff0e84ec3bc374ae56f7", size = 4770591, upload-time = "2025-07-15T08:18:55.555Z" },
    { url = "https://files.pythonhosted.org/packages/13/ce/8d414cd97fcd748255e698dda3687c0e1ff317e22f7cbc92cb1ff7eb320b/oxapy-0.6.0-cp313-cp313-macosx_10_12_x86_64.whl", hash = "sha256:d5599a8d281e24f62598bdc7b84f6f42da4a835ef4ddbc2b18591a0d1a3018b6", size = 5327449, upload-time = "2025-07-15T08:17:19.75Z" },
    { url = "https://files.pythonhosted.org/packages/1a/02/bad6751b50a95ee8d7627478aefc30a1e8fad35187ab82c5a833d96d92c0/oxapy-0.6.0-cp313-cp313-macosx_11_0_arm64.whl", hash = "sha256:4776524d76fad6ccbd625a2d7cecd118782dbe962599fcff88c0459bd83fe564", size = 4731089, upload-time = "2025-07-15T08:17:13.347Z" },
    { url = "https://files.pythonhosted.org/packages/1b/83/be792050377f625e387d49910f479e3688f50f7b2ebaa844c7a8775c61ff/oxapy-0.6.0-cp313-cp313-manylinux_2_17_aarch64.manylinux2014_aarch64.whl", hash = "sha256:5e3bcf41feb30635deec5d5608587a4cb1b77a3204097b97b95bb2bde37ea054", size = 5248614, upload-time = "2025-07-15T08:15:07.624Z" },
    { url = "https://files.pythonhosted.org/packages/fb/1e/f1e826d3e8ee065b76610c4934628a3c72890aa146bed4537071187956c7/oxapy-0.6.0-cp313-cp313-manylinux_2_17_armv7l.manylinux2014_armv7l.whl", hash = "sha256:920149ccdf17671f4b5542c2ca9aba9e1372e28c583d8c2e641dbcc5f2efec47", size = 5424636, upload-time = "2025-07-15T08:15:29.442Z" },
    { url = "https://files.pythonhosted.org/packages/79/67/c155c038b08f1baab809e1bcef475d1f0765757e2499e3ac74e75fc2c46c/oxapy-0.6.0-cp313-cp313-manylinux_2_17_i686.manylinux2014_i686.whl", hash = "sha256:edf4c34bec164991830dd983ec4366cececac318d366c41e318cf652dac736c5", size = 5901737, upload-time = "2025-07-15T08:16:37.238Z" },
    { url = "https://files.pythonhosted.org/packages/d6/02/d2b6ace078c3368ceea4f27bd803d98f90c34df337b3706f71c24824d5c6/oxapy-0.6.0-cp313-cp313-manylinux_2_17_ppc64le.manylinux2014_ppc64le.whl", hash = "sha256:a085be7be4d94380f3fdf187b24366bf323474c4a3bbc6479b59c2bc23539f0d", size = 6352438, upload-time = "2025-07-15T08:15:52.017Z" },
    { url = "https://files.pythonhosted.org/packages/c4/fb/3461d802ee8c467d4cb80e449cda6cb4327ebd0984d5a74ed07694bcbac3/oxapy-0.6.0-cp313-cp313-manylinux_2_17_s390x.manylinux2014_s390x.whl", hash = "sha256:f5a25e3e2ad949d02f27efadb1a980616b1393e036e19631a89f7d0b4e25f2a1", size = 5754859, upload-time = "2025-07-15T08:16:16.374Z" },
    { url = "https://files.pythonhosted.org/packages/de/cd/35be646eeb4b4777ddaf3be4d525b46ab49f6386e4369acbd8986208c769/oxapy-0.6.0-cp313-cp313-manylinux_2_17_x86_64.manylinux2014_x86_64.whl", hash = "sha256:512d2a0b505c22fd59684154e0e6d1d9745830fa7d714ba051254241b828418a", size = 5799569, upload-time = "2025-07-15T08:16:56.866Z" },
    { url = "https://files.pythonhosted.org/packages/1d/20/af760ef6d332e25863de4b2dbeabdaa4d3e58a1fa965d33d8269b27b0ee2/oxapy-0.6.0-cp313-cp313-musllinux_1_2_aarch64.whl", hash = "sha256:33ae7ec8b0b7371a087b3a859887b89cc052c1b0597c41eb85008d5c605e5834", size = 5391837, upload-time = "2025-07-15T08:17:28.686Z" },
    { url = "https://files.pythonhosted.org/packages/d1/57/f4cde15c504e957f48aeb70f73776d2eb26059dc5ad57d52d6b8d508cbc6/oxapy-0.6.0-cp313-cp313-musllinux_1_2_armv7l.whl", hash = "sha256:8c1701aada5bcd4f5ebc5b732a2eaae799dc38b5410b16493a0beb3c9241f599", size = 5651873, upload-time = "2025-07-15T08:17:51.25Z" },
    { url = "https://files.pythonhosted.org/packages/7a/21/7f97c943432ab93c6033321ec8e97f8cb9379e6d44456a13e6c83d110ee8/oxapy-0.6.0-cp313-cp313-musllinux_1_2_i686.whl", hash = "sha256:09ba7a17388e6e8089bfa25d9d55a4d8ad900a2b1c9e9e09dbc4174b1c1bcc05", size = 5793750, upload-time = "2025-07-15T08:18:13.465Z" },
    { url = "https://files.pythonhosted.org/packages/e1/fc/48657eab0f308a1948843a59c37c1990e417acd06c83c189047375324fad/oxapy-0.6.0-cp313-cp313-musllinux_1_2_x86_64.whl", hash = "sha256:dcecfd58475c0006e1aabc759b742897b3738f82f94d2b5af43c8aa4f677a863", size = 5969048, upload-time = "2025-07-15T08:18:34.725Z" },
    { url = "https://files.pythonhosted.org/packages/f6/0b/cae7279d9a853f368d696849415711595c317b1e298eb72904686103d6b2/oxapy-0.6.0-cp313-cp313-win32.whl", hash = "sha256:5004a697c54708e328c56d1ed277ccf816119c285547c2200065bacf20bf6ffc", size = 4288089, upload-time = "2025-07-15T08:19:08.554Z" },
    { url = "https://files.pythonhosted.org/packages/84/1e/33b7401ceed0e4f5506d8b6282d0382f85e3b181c277b6b1bff5d87aa3ff/oxapy-0.6.0-cp313-cp313-win_amd64.whl", hash = "sha256:9922d5ae59ff514da28eb5cb2e5537f871f97d15b020a07f607af3cad378cf46", size = 4769578, upload-time = "2025-07-15T08:18:57.57Z" },
    { url = "https://files.pythonhosted.org/packages/33/16/99ed0d7e30a20d26cd6b25feacae42366bafb628feed54b0be7cb5c0007f/oxapy-0.6.0-cp313-cp313t-manylinux_2_17_aarch64.manylinux2014_aarch64.whl", hash = "sha256:b92dd0c6f0c488fbf2280893614532490d85a010f475a390ad40ae58be87c65d", size = 5242284, upload-time = "2025-07-15T08:15:09.918Z" },
    { url = "https://files.pythonhosted.org/packages/6d/95/b803553143eff71199cf21a91d9d948160166012e43942548c98b6d46b13/oxapy-0.6.0-cp313-cp313t-manylinux_2_17_armv7l.manylinux2014_armv7l.whl", hash = "sha256:d72ed3f9748f829fb75c523e020e8a94e4a1d0189bca094a7fd43dd6fffd3005", size = 5414966, upload-time = "2025-07-15T08:15:31.705Z" },
    { url = "https://files.pythonhosted.org/packages/80/de/826cb9f487a285e9f040ece94a65ec2be7e16a657cf7f6ab57fe7fbce7f3/oxapy-0.6.0-cp313-cp313t-manylinux_2_17_ppc64le.manylinux2014_ppc64le.whl", hash = "sha256:b9cd3d02a60dc804cbf31c01ddea70172c05de534c7c8d4c726cc7653fda8408", size = 6354450, upload-time = "2025-07-15T08:15:54.025Z" },
    { url = "https://files.pythonhosted.org/packages/b0/c0/8298ad95543df634accd689dff091f02838540fe08d2d2c36b1560b227d2/oxapy-0.6.0-cp313-cp313t-manylinux_2_17_s390x.manylinux2014_s390x.whl", hash = "sha256:c1b44641c2fea34b49998e8885dcafa407765abe4ee0dbcc28e9b1c39662c5a3", size = 5752950, upload-time = "2025-07-15T08:16:18.448Z" },
    { url = "https://files.pythonhosted.org/packages/c8/d1/17007a6cfd3dc2379498fb1b1e13c1ec61d43ecad6fce9658f9ca8b1a692/oxapy-0.6.0-cp313-cp313t-musllinux_1_2_aarch64.whl", hash = "sha256:c59f23531e1683f168d0941e33bc6724c3a614eea93e418ee87fed9a8092cbeb", size = 5385891, upload-time = "2025-07-15T08:17:30.587Z" },
    { url = "https://files.pythonhosted.org/packages/bf/3f/ceeb7df6e664f859c43222300b0faf683b9448c883c4205a19f9077361cc/oxapy-0.6.0-cp313-cp313t-musllinux_1_2_armv7l.whl", hash = "sha256:82bbe2316fa6c15039da734b3bb1bc3c205db4bd1855c75143bf1ba425e1627e", size = 5641476, upload-time = "2025-07-15T08:17:53.221Z" },
    { url = "https://files.pythonhosted.org/packages/7f/ec/48055be3a001ef639b734f199b046d3d08269109fa5400e0e43eae57e92d/oxapy-0.6.0-cp313-cp313t-musllinux_1_2_i686.whl", hash = "sha256:52c26c0eb1505bc558f3aee0a42e837fc66b771a002e018b470b36fa902ab513", size = 5785538, upload-time = "2025-07-15T08:18:15.506Z" },
    { url = "https://files.pythonhosted.org/packages/8e/98/1fbfa4a0390735798861d55728e1bf87fac59bde2935c800399961f6c2db/oxapy-0.6.0-cp313-cp313t-musllinux_1_2_x86_64.whl", hash = "sha256:202508184978834447e0c5d47aff819007bf93931b2a0150307c37fb0eac7bd3", size = 5968811, upload-time = "2025-07-15T08:18:36.732Z" },
    { url = "https://files.pythonhosted.org/packages/c7/bd/4c669cab610dec7778bc144b11fc688992c8c0ebb06f1d63ca200aaa3513/oxapy-0.6.0-cp314-cp314-manylinux_2_17_i686.manylinux2014_i686.whl", hash = "sha256:06e755bfc438c30279d01db06a9b7eced806361429f36c02093a3352b4e09fb6", size = 5901779, upload-time = "2025-07-15T08:16:39.221Z" },
    { url = "https://files.pythonhosted.org/packages/35/40/bc8d6137d1b9cf28fddb626b16ef04b6efb3cb09c6c2f3ba84bf5d066087/oxapy-0.6.0-cp314-cp314-manylinux_2_17_x86_64.manylinux2014_x86_64.whl", hash = "sha256:45ae6faa3af81a770eb07348e0f8396ecb7ce62ed6274ec2824858731d22f757", size = 5796081, upload-time = "2025-07-15T08:16:59.028Z" },
]

[[package]]
name = "python-dotenv"
version = "1.1.1"
source = { registry = "https://pypi.org/simple" }
sdist = { url = "https://files.pythonhosted.org/packages/f6/b0/4bc07ccd3572a2f9df7e6782f52b0c6c90dcbb803ac4a167702d7d0dfe1e/python_dotenv-1.1.1.tar.gz", hash = "sha256:a8a6399716257f45be6a007360200409fce5cda2661e3dec71d23dc15f6189ab", size = 41978, upload-time = "2025-06-24T04:21:07.341Z" }
wheels = [
    { url = "https://files.pythonhosted.org/packages/5f/ed/539768cf28c661b5b068d66d96a2f155c4971a5d55684a514c1a0e0dec2f/python_dotenv-1.1.1-py3-none-any.whl", hash = "sha256:31f23644fe2602f88ff55e1f5c79ba497e01224ee7737937930c448e4d0e24dc", size = 20556, upload-time = "2025-06-24T04:21:06.073Z" },
]

[[package]]
name = "sqlalchemy"
version = "2.0.42"
source = { registry = "https://pypi.org/simple" }
dependencies = [
    { name = "greenlet", marker = "(python_full_version < '3.14' and platform_machine == 'AMD64') or (python_full_version < '3.14' and platform_machine == 'WIN32') or (python_full_version < '3.14' and platform_machine == 'aarch64') or (python_full_version < '3.14' and platform_machine == 'amd64') or (python_full_version < '3.14' and platform_machine == 'ppc64le') or (python_full_version < '3.14' and platform_machine == 'win32') or (python_full_version < '3.14' and platform_machine == 'x86_64')" },
    { name = "typing-extensions" },
]
sdist = { url = "https://files.pythonhosted.org/packages/5a/03/a0af991e3a43174d6b83fca4fb399745abceddd1171bdabae48ce877ff47/sqlalchemy-2.0.42.tar.gz", hash = "sha256:160bedd8a5c28765bd5be4dec2d881e109e33b34922e50a3b881a7681773ac5f", size = 9749972, upload-time = "2025-07-29T12:48:09.323Z" }
wheels = [
    { url = "https://files.pythonhosted.org/packages/61/66/ac31a9821fc70a7376321fb2c70fdd7eadbc06dadf66ee216a22a41d6058/sqlalchemy-2.0.42-cp312-cp312-macosx_10_13_x86_64.whl", hash = "sha256:09637a0872689d3eb71c41e249c6f422e3e18bbd05b4cd258193cfc7a9a50da2", size = 2132203, upload-time = "2025-07-29T13:29:19.291Z" },
    { url = "https://files.pythonhosted.org/packages/fc/ba/fd943172e017f955d7a8b3a94695265b7114efe4854feaa01f057e8f5293/sqlalchemy-2.0.42-cp312-cp312-macosx_11_0_arm64.whl", hash = "sha256:a3cb3ec67cc08bea54e06b569398ae21623534a7b1b23c258883a7c696ae10df", size = 2120373, upload-time = "2025-07-29T13:29:21.049Z" },
    { url = "https://files.pythonhosted.org/packages/ea/a2/b5f7d233d063ffadf7e9fff3898b42657ba154a5bec95a96f44cba7f818b/sqlalchemy-2.0.42-cp312-cp312-manylinux_2_17_aarch64.manylinux2014_aarch64.whl", hash = "sha256:e87e6a5ef6f9d8daeb2ce5918bf5fddecc11cae6a7d7a671fcc4616c47635e01", size = 3317685, upload-time = "2025-07-29T13:26:40.837Z" },
    { url = "https://files.pythonhosted.org/packages/86/00/fcd8daab13a9119d41f3e485a101c29f5d2085bda459154ba354c616bf4e/sqlalchemy-2.0.42-cp312-cp312-manylinux_2_17_x86_64.manylinux2014_x86_64.whl", hash = "sha256:0b718011a9d66c0d2f78e1997755cd965f3414563b31867475e9bc6efdc2281d", size = 3326967, upload-time = "2025-07-29T13:22:31.009Z" },
    { url = "https://files.pythonhosted.org/packages/a3/85/e622a273d648d39d6771157961956991a6d760e323e273d15e9704c30ccc/sqlalchemy-2.0.42-cp312-cp312-musllinux_1_2_aarch64.whl", hash = "sha256:16d9b544873fe6486dddbb859501a07d89f77c61d29060bb87d0faf7519b6a4d", size = 3255331, upload-time = "2025-07-29T13:26:42.579Z" },
    { url = "https://files.pythonhosted.org/packages/3a/a0/2c2338b592c7b0a61feffd005378c084b4c01fabaf1ed5f655ab7bd446f0/sqlalchemy-2.0.42-cp312-cp312-musllinux_1_2_x86_64.whl", hash = "sha256:21bfdf57abf72fa89b97dd74d3187caa3172a78c125f2144764a73970810c4ee", size = 3291791, upload-time = "2025-07-29T13:22:32.454Z" },
    { url = "https://files.pythonhosted.org/packages/41/19/b8a2907972a78285fdce4c880ecaab3c5067eb726882ca6347f7a4bf64f6/sqlalchemy-2.0.42-cp312-cp312-win32.whl", hash = "sha256:78b46555b730a24901ceb4cb901c6b45c9407f8875209ed3c5d6bcd0390a6ed1", size = 2096180, upload-time = "2025-07-29T13:16:08.952Z" },
    { url = "https://files.pythonhosted.org/packages/48/1f/67a78f3dfd08a2ed1c7be820fe7775944f5126080b5027cc859084f8e223/sqlalchemy-2.0.42-cp312-cp312-win_amd64.whl", hash = "sha256:4c94447a016f36c4da80072e6c6964713b0af3c8019e9c4daadf21f61b81ab53", size = 2123533, upload-time = "2025-07-29T13:16:11.705Z" },
    { url = "https://files.pythonhosted.org/packages/e9/7e/25d8c28b86730c9fb0e09156f601d7a96d1c634043bf8ba36513eb78887b/sqlalchemy-2.0.42-cp313-cp313-macosx_10_13_x86_64.whl", hash = "sha256:941804f55c7d507334da38133268e3f6e5b0340d584ba0f277dd884197f4ae8c", size = 2127905, upload-time = "2025-07-29T13:29:22.249Z" },
    { url = "https://files.pythonhosted.org/packages/e5/a1/9d8c93434d1d983880d976400fcb7895a79576bd94dca61c3b7b90b1ed0d/sqlalchemy-2.0.42-cp313-cp313-macosx_11_0_arm64.whl", hash = "sha256:95d3d06a968a760ce2aa6a5889fefcbdd53ca935735e0768e1db046ec08cbf01", size = 2115726, upload-time = "2025-07-29T13:29:23.496Z" },
    { url = "https://files.pythonhosted.org/packages/a2/cc/d33646fcc24c87cc4e30a03556b611a4e7bcfa69a4c935bffb923e3c89f4/sqlalchemy-2.0.42-cp313-cp313-manylinux_2_17_aarch64.manylinux2014_aarch64.whl", hash = "sha256:4cf10396a8a700a0f38ccd220d940be529c8f64435c5d5b29375acab9267a6c9", size = 3246007, upload-time = "2025-07-29T13:26:44.166Z" },
    { url = "https://files.pythonhosted.org/packages/67/08/4e6c533d4c7f5e7c4cbb6fe8a2c4e813202a40f05700d4009a44ec6e236d/sqlalchemy-2.0.42-cp313-cp313-manylinux_2_17_x86_64.manylinux2014_x86_64.whl", hash = "sha256:9cae6c2b05326d7c2c7c0519f323f90e0fb9e8afa783c6a05bb9ee92a90d0f04", size = 3250919, upload-time = "2025-07-29T13:22:33.74Z" },
    { url = "https://files.pythonhosted.org/packages/5c/82/f680e9a636d217aece1b9a8030d18ad2b59b5e216e0c94e03ad86b344af3/sqlalchemy-2.0.42-cp313-cp313-musllinux_1_2_aarch64.whl", hash = "sha256:f50f7b20677b23cfb35b6afcd8372b2feb348a38e3033f6447ee0704540be894", size = 3180546, upload-time = "2025-07-29T13:26:45.648Z" },
    { url = "https://files.pythonhosted.org/packages/7d/a2/8c8f6325f153894afa3775584c429cc936353fb1db26eddb60a549d0ff4b/sqlalchemy-2.0.42-cp313-cp313-musllinux_1_2_x86_64.whl", hash = "sha256:9d88a1c0d66d24e229e3938e1ef16ebdbd2bf4ced93af6eff55225f7465cf350", size = 3216683, upload-time = "2025-07-29T13:22:34.977Z" },
    { url = "https://files.pythonhosted.org/packages/39/44/3a451d7fa4482a8ffdf364e803ddc2cfcafc1c4635fb366f169ecc2c3b11/sqlalchemy-2.0.42-cp313-cp313-win32.whl", hash = "sha256:45c842c94c9ad546c72225a0c0d1ae8ef3f7c212484be3d429715a062970e87f", size = 2093990, upload-time = "2025-07-29T13:16:13.036Z" },
    { url = "https://files.pythonhosted.org/packages/4b/9e/9bce34f67aea0251c8ac104f7bdb2229d58fb2e86a4ad8807999c4bee34b/sqlalchemy-2.0.42-cp313-cp313-win_amd64.whl", hash = "sha256:eb9905f7f1e49fd57a7ed6269bc567fcbbdac9feadff20ad6bd7707266a91577", size = 2120473, upload-time = "2025-07-29T13:16:14.502Z" },
    { url = "https://files.pythonhosted.org/packages/ee/55/ba2546ab09a6adebc521bf3974440dc1d8c06ed342cceb30ed62a8858835/sqlalchemy-2.0.42-py3-none-any.whl", hash = "sha256:defcdff7e661f0043daa381832af65d616e060ddb54d3fe4476f51df7eaa1835", size = 1922072, upload-time = "2025-07-29T13:09:17.061Z" },
]

[[package]]
name = "sqlalchemy-libsql"
version = "0.2.0"
source = { registry = "https://pypi.org/simple" }
dependencies = [
    { name = "greenlet" },
    { name = "libsql-experimental" },
    { name = "sqlalchemy" },
]
sdist = { url = "https://files.pythonhosted.org/packages/9c/3e/a628dad23a5310e00db674a5ddf92300acb4199a06ea82385cc48f6e9289/sqlalchemy_libsql-0.2.0.tar.gz", hash = "sha256:f6349c89ea10b941a9cd87ebb65330c660aff996c12d3da7e1696572c360edd1", size = 6405, upload-time = "2025-05-30T17:59:14.812Z" }
wheels = [
    { url = "https://files.pythonhosted.org/packages/a2/b9/7a3b645766a9f0f2ba27580d1ec6eb1ade754b30f0c88fcc6bee4cc2cb20/sqlalchemy_libsql-0.2.0-py3-none-any.whl", hash = "sha256:852a731c64f318581942c81a5e18c9752a553af25608abbff04cd54ae1f3d451", size = 5929, upload-time = "2025-05-30T17:59:13.913Z" },
]

[[package]]
name = "typing-extensions"
version = "4.14.1"
source = { registry = "https://pypi.org/simple" }
sdist = { url = "https://files.pythonhosted.org/packages/98/5a/da40306b885cc8c09109dc2e1abd358d5684b1425678151cdaed4731c822/typing_extensions-4.14.1.tar.gz", hash = "sha256:38b39f4aeeab64884ce9f74c94263ef78f3c22467c8724005483154c26648d36", size = 107673, upload-time = "2025-07-04T13:28:34.16Z" }
wheels = [
    { url = "https://files.pythonhosted.org/packages/b5/00/d631e67a838026495268c2f6884f3711a15a9a2a96cd244fdaea53b823fb/typing_extensions-4.14.1-py3-none-any.whl", hash = "sha256:d1e1e3b58374dc93031d6eda2420a48ea44a36c2b4766a4fdeb3710755731d76", size = 43906, upload-time = "2025-07-04T13:28:32.743Z" },
]
